{
  "name": "@baranwang/pinyin",
  "version": "1.5.19",
  "lockfileVersion": 1,
  "requires": true,
  "dependencies": {
    "@bluelovers/fast-glob": {
      "version": "3.0.4",
      "resolved": "https://registry.npmjs.org/@bluelovers/fast-glob/-/fast-glob-3.0.4.tgz",
      "integrity": "sha512-djAOOjDWXolYArm5NXxOIX7Q7OGhAaRtMs5F968OxelWkMUU6PyU6tS66CFykVON4U5y8jXcsnVAFCaeuf1nEA==",
      "requires": {
        "bluebird": "^3",
        "fast-glob": "^3"
      }
    },
    "@bluelovers/string-natural-compare": {
      "version": "2.0.5",
      "resolved": "https://registry.npmjs.org/@bluelovers/string-natural-compare/-/string-natural-compare-2.0.5.tgz",
      "integrity": "sha512-InkBMUOE74fXNyZmx/BtgXK3rsCncsfHLgsTihyss5/Qe9u/+wbP8TAXIDghLlVODPl/aoK8Lfjwg2Z+w1i5OA==",
      "requires": {
        "string-natural-compare": "^3.0.1",
        "tslib": "^2.3.1"
      }
    },
    "@lazy-cjk/japanese": {
      "version": "1.2.27",
      "resolved": "https://registry.npmjs.org/@lazy-cjk/japanese/-/japanese-1.2.27.tgz",
      "integrity": "sha512-kUZ5RFjvyUiHGtZ0lDghwtuIKmTlPurhTQbM6rLxehbs/px+5KMngKCC3Q/lCWSYzWLK6FL4oEMod8WK6dlgHw==",
      "requires": {
        "big.js": "^6.1.1",
        "lodash": "^4.17.21",
        "tslib": "^2.3.1"
      }
    },
    "@lazy-cjk/jp-table-alias": {
      "version": "1.0.38",
      "resolved": "https://registry.npmjs.org/@lazy-cjk/jp-table-alias/-/jp-table-alias-1.0.38.tgz",
      "integrity": "sha512-76x1ZjA2ov6T9pf7GFhtF+NekdwBjSs8tIuhkyEOs5c64bi3HnkJQSasOWo/cYmBwrM3Y66UN5mL8rt3sGhv9g==",
      "requires": {
        "@lazy-cjk/jp-table-convert": "^1.0.43",
        "array-hyper-unique": "^2.0.6",
        "tslib": "^2.3.1"
      }
    },
    "@lazy-cjk/jp-table-comparison": {
      "version": "1.0.28",
      "resolved": "https://registry.npmjs.org/@lazy-cjk/jp-table-comparison/-/jp-table-comparison-1.0.28.tgz",
      "integrity": "sha512-Qm9FMJiaUi4EIW7B/A7Ix2l7nlN6MV64DcAGf51zCgxSj4G1af3bNvxuf8fU840ZP1HL5pS+p0Z2+bjJkQdpWg==",
      "requires": {
        "array-hyper-unique": "^2.0.6",
        "tslib": "^2.3.1"
      }
    },
    "@lazy-cjk/jp-table-convert": {
      "version": "1.0.43",
      "resolved": "https://registry.npmjs.org/@lazy-cjk/jp-table-convert/-/jp-table-convert-1.0.43.tgz",
      "integrity": "sha512-QbWCgjGhY8UEaz0MOtXNdzfqQqhA0vzBaUW02uS0OIGkRWDHKBhDKpW+sER7+sHkcGFJj+2WYip4uYb9ssjBXQ==",
      "requires": {
        "@lazy-cjk/jp-table-comparison": "^1.0.28",
        "regexp-helper": "^1.0.34",
        "tslib": "^2.3.1",
        "uni-string": "^1.1.12"
      }
    },
    "@lazy-cjk/jp-table-voice": {
      "version": "1.0.36",
      "resolved": "https://registry.npmjs.org/@lazy-cjk/jp-table-voice/-/jp-table-voice-1.0.36.tgz",
      "integrity": "sha512-FA1kokwaHQn1L4TH6hMKtsmg8LOH2fN/RYJMJrM1NvztCrIPYQjrxbxykwaVQp+Hf1tclOoiH9lKGQpDKHCTFw==",
      "requires": {
        "array-hyper-unique": "^2.0.6",
        "ts-type": "^2.1.4",
        "tslib": "^2.3.1"
      }
    },
    "@lazy-cjk/novel-filename": {
      "version": "1.0.46",
      "resolved": "https://registry.npmjs.org/@lazy-cjk/novel-filename/-/novel-filename-1.0.46.tgz",
      "integrity": "sha512-BQsUAfgD2bQ7vR+Io3tKplNq33ZFdmmA7ECg/ZRbDkcmg6qf210L2VItE6btxpJqqQAkFM3gV26h+aeYUQdlpA==",
      "requires": {
        "@lazy-cjk/jp-table-convert": "^1.0.43",
        "@lazy-cjk/zh-convert": "^1.0.44",
        "tslib": "^2.3.1"
      }
    },
    "@lazy-cjk/static-build-zh-convert": {
      "version": "1.0.47",
      "resolved": "https://registry.npmjs.org/@lazy-cjk/static-build-zh-convert/-/static-build-zh-convert-1.0.47.tgz",
      "integrity": "sha512-MR1bWDxaxut6bo/XPSpInN/ZpGf6e5NSlCRckChcZBRxcg/Y8D/+znHkdjbV62DIQjpFIReu8Y7YfGWV8JwNPQ==",
      "requires": {
        "tslib": "^2.3.1"
      }
    },
    "@lazy-cjk/util": {
      "version": "1.0.17",
      "resolved": "https://registry.npmjs.org/@lazy-cjk/util/-/util-1.0.17.tgz",
      "integrity": "sha512-4Uk5JxWej6KzMLrc91K2K4yM0tOdIon4hczc18uqZD/EE3IkwS3qgocm8RCnQvrmnTu8ICiWSGbK1jTzUzGftw==",
      "requires": {
        "tslib": "^2.3.1",
        "uni-string": "^1.1.12"
      }
    },
    "@lazy-cjk/zh-convert": {
      "version": "1.0.44",
      "resolved": "https://registry.npmjs.org/@lazy-cjk/zh-convert/-/zh-convert-1.0.44.tgz",
      "integrity": "sha512-nDd4DSZergqSnlksbkyWiZNWJr2HP25vIYdMx+uw0AQCVUTX8deTSkULaFyiYs9QTbUmEdWpLQPOWBWOED0EBw==",
      "requires": {
        "@lazy-cjk/static-build-zh-convert": "^1.0.47",
        "array-hyper-unique": "^2.0.6",
        "regexp-helper": "^1.0.34",
        "tslib": "^2.3.1",
        "uni-string": "^1.1.12"
      }
    },
    "@lazy-cjk/zh-convert-table": {
      "version": "1.0.22",
      "resolved": "https://registry.npmjs.org/@lazy-cjk/zh-convert-table/-/zh-convert-table-1.0.22.tgz",
      "integrity": "sha512-0OoKsxMYYcnQGCiJpz+nNfszbarQjttG61CRoZLYj7IY6KVzwcRmzpleYOivqyESZzWshkfOTip6/u8cqW1CyQ==",
      "requires": {
        "tslib": "^2.3.1"
      }
    },
    "@lazy-cjk/zh-slugify": {
      "version": "1.0.82",
      "resolved": "https://registry.npmjs.org/@lazy-cjk/zh-slugify/-/zh-slugify-1.0.82.tgz",
      "integrity": "sha512-SGWU5a7oUJBB+KCu0tHoLe/aO3YStBKguGEzHc1kkMIxDgTZADbegVxuxSimlyDeKaTnv6nP4fZ0s1KDLRM6/Q==",
      "requires": {
        "@lazy-cjk/zh-table-greedy": "^1.0.84",
        "@lazy-cjk/zh-table-list": "^1.0.80",
        "tslib": "^2.3.1"
      }
    },
    "@lazy-cjk/zh-table-alias": {
      "version": "1.0.58",
      "resolved": "https://registry.npmjs.org/@lazy-cjk/zh-table-alias/-/zh-table-alias-1.0.58.tgz",
      "integrity": "sha512-PUPvYnLE2neCwSXZKOIAPOmsAHAmmbrpyolC5MYA8RZyazGHGKylQIXAevrqSv/WrSFLBOHT87KI9sWMrDF32w==",
      "requires": {
        "@lazy-cjk/jp-table-alias": "^1.0.38",
        "@lazy-cjk/zh-convert": "^1.0.44",
        "array-hyper-unique": "^2.0.6",
        "deepmerge-plus": "^2.1.3",
        "ts-type": "^2.1.4",
        "tslib": "^2.3.1"
      }
    },
    "@lazy-cjk/zh-table-greedy": {
      "version": "1.0.84",
      "resolved": "https://registry.npmjs.org/@lazy-cjk/zh-table-greedy/-/zh-table-greedy-1.0.84.tgz",
      "integrity": "sha512-0Tn92n74nNXKtro/TcHoM0hp0HJE0HsJTm/khiNTUoMu7lymvdHPqoZ8OzyswnPHlYvBBqm+4TD2NYRQYad8BA==",
      "requires": {
        "array-hyper-unique": "^2.0.6",
        "tslib": "^2.3.1",
        "uni-string": "^1.1.12"
      }
    },
    "@lazy-cjk/zh-table-list": {
      "version": "1.0.80",
      "resolved": "https://registry.npmjs.org/@lazy-cjk/zh-table-list/-/zh-table-list-1.0.80.tgz",
      "integrity": "sha512-bFxkGH5HxtQI3ACVbAvrMGmjLhy9r33G//zKoiiprOriNeJusOvMGamnNARmJU9tHsciX8yt8yaNiG6QZAaXDA==",
      "requires": {
        "@lazy-cjk/jp-table-convert": "^1.0.43",
        "@lazy-cjk/zh-convert": "^1.0.44",
        "@lazy-cjk/zh-table-alias": "^1.0.58",
        "@lazy-cjk/zh-table-greedy": "^1.0.84",
        "tslib": "^2.3.1",
        "uni-string": "^1.1.12"
      }
    },
    "@nodelib/fs.scandir": {
      "version": "2.1.5",
      "resolved": "https://registry.npmjs.org/@nodelib/fs.scandir/-/fs.scandir-2.1.5.tgz",
      "integrity": "sha512-vq24Bq3ym5HEQm2NKCr3yXDwjc7vTsEThRDnkp2DK9p1uqLR+DHurm/NOTo0KG7HYHU7eppKZj3MyqYuMBf62g==",
      "requires": {
        "@nodelib/fs.stat": "2.0.5",
        "run-parallel": "^1.1.9"
      }
    },
    "@nodelib/fs.stat": {
      "version": "2.0.5",
      "resolved": "https://registry.npmjs.org/@nodelib/fs.stat/-/fs.stat-2.0.5.tgz",
      "integrity": "sha512-RkhPPp2zrqDAQA/2jNhnztcPAlv64XdhIp7a7454A5ovI7Bukxgt7MX7udwAu3zg1DcpPU0rz3VV1SeaqvY4+A=="
    },
    "@nodelib/fs.walk": {
      "version": "1.2.8",
      "resolved": "https://registry.npmjs.org/@nodelib/fs.walk/-/fs.walk-1.2.8.tgz",
      "integrity": "sha512-oGB+UxlgWcgQkgwo8GcEGwemoTFt3FIO9ababBmaGwXIoBKZ+GTy0pP185beGg7Llih/NSHSV2XAs1lnznocSg==",
      "requires": {
        "@nodelib/fs.scandir": "2.1.5",
        "fastq": "^1.6.0"
      }
    },
    "@novel-segment/dict-loader-core": {
      "version": "1.0.15",
      "resolved": "https://registry.npmjs.org/@novel-segment/dict-loader-core/-/dict-loader-core-1.0.15.tgz",
      "integrity": "sha512-Sr65nYF2NTY4HgVdRDT/atb1lDIFnO97LThY1PgWoCPSrtXTxZtPQCuSyO57+6ZI1fL6Sk/ldm6J7XydKWPbDg==",
      "requires": {
        "bluebird": "^3.7.2",
        "core-decorators": "^0.20.0",
        "crlf-normalize": "^1.0.7",
        "tslib": "^2.3.1"
      }
    },
    "@novel-segment/loader-line": {
      "version": "1.0.15",
      "resolved": "https://registry.npmjs.org/@novel-segment/loader-line/-/loader-line-1.0.15.tgz",
      "integrity": "sha512-P8Nruo8dcfcU+E/HxKUrgUqB0dTVQrih99r8hpnxo9gSZTUcDroT6VS1w7uy9SRUFv/SZXF4mbyurBwoPBlzzg==",
      "requires": {
        "@novel-segment/dict-loader-core": "^1.0.15",
        "tslib": "^2.3.1"
      }
    },
    "@novel-segment/loader-stopword": {
      "version": "1.0.15",
      "resolved": "https://registry.npmjs.org/@novel-segment/loader-stopword/-/loader-stopword-1.0.15.tgz",
      "integrity": "sha512-ehlyLrvLc864Smd2ROf0rkCeZqyZ0sVI8oAMxCO46j4WsgBpArsQRwIk4A+IRd6mAFbt9SlV+NhtiwP+hg9/kg==",
      "requires": {
        "@novel-segment/dict-loader-core": "^1.0.15",
        "tslib": "^2.3.1"
      }
    },
    "@novel-segment/loaders": {
      "version": "1.0.28",
      "resolved": "https://registry.npmjs.org/@novel-segment/loaders/-/loaders-1.0.28.tgz",
      "integrity": "sha512-IoTzTQ/7EXg9OaduyL/h4MPdTg7L0DSFW/PvENkClwvXg1ldqpAfjcuKbVPquRFmQnM+LbAX8p5gZm/TX+mMMQ==",
      "requires": {
        "@novel-segment/dict-loader-core": "^1.0.15",
        "@novel-segment/loader-line": "^1.0.15",
        "@novel-segment/loader-stopword": "^1.0.15",
        "@novel-segment/stream-loader-core": "^1.0.17",
        "@novel-segment/types": "^1.0.3",
        "tslib": "^2.3.1"
      }
    },
    "@novel-segment/postag": {
      "version": "1.0.14",
      "resolved": "https://registry.npmjs.org/@novel-segment/postag/-/postag-1.0.14.tgz",
      "integrity": "sha512-7X3GJcFSNhjoyIhTzjIFxP02sy4XlBaQ+vydQ/xGJt1lpBZrpxEFiAv6bHx2o9AGR0zlaFM2DNZP7hpu4SoqNw==",
      "requires": {
        "ts-enum-util": "^4.0.2",
        "ts-type": "^2.1.4",
        "tslib": "^2.3.1"
      }
    },
    "@novel-segment/stream-loader-core": {
      "version": "1.0.17",
      "resolved": "https://registry.npmjs.org/@novel-segment/stream-loader-core/-/stream-loader-core-1.0.17.tgz",
      "integrity": "sha512-veQs19dA5WRro6zLBJHDR+ORFyCyQiqc72Bd4cf8lFBZwsacTGFhSvEGp6zeX62/ceF25k0QfEqhG+qn7b7t/A==",
      "requires": {
        "bluebird": "^3.7.2",
        "split2": "^4.1.0",
        "stream-pipe": "^1.0.4",
        "tslib": "^2.3.1"
      }
    },
    "@novel-segment/stringify": {
      "version": "1.0.1",
      "resolved": "https://registry.npmjs.org/@novel-segment/stringify/-/stringify-1.0.1.tgz",
      "integrity": "sha512-pDfq99Ojy2eEskiroL/DofUBhhM5BnyJ+QX3jumNF+mYOuB5jdEIp4lHRFkkiS8ilGwCd6Xk/2TJD4tIpurk/g==",
      "requires": {
        "@novel-segment/types": "^1.0.3",
        "ts-type": "^2.1.4",
        "tslib": "^2.3.1"
      }
    },
    "@novel-segment/types": {
      "version": "1.0.3",
      "resolved": "https://registry.npmjs.org/@novel-segment/types/-/types-1.0.3.tgz",
      "integrity": "sha512-G28gO0XiNSXJNKwDhIaZd8vRh3hWl8bZzbLCrtjYz0W3iDT4eAnkiamArFH1UzwiJOwxPvyY1gty6rtu+ywLDg==",
      "requires": {
        "tslib": "^2.3.1"
      }
    },
    "@novel-segment/util": {
      "version": "1.0.57",
      "resolved": "https://registry.npmjs.org/@novel-segment/util/-/util-1.0.57.tgz",
      "integrity": "sha512-EoYtmXbjz7W5eqJPpbpaaMQGjj7Gf8Cu3Ko7pRXAJG/NakRigy7jh0wdg3LzGoeRhoZA5nDcfvpkU3a/BvO57Q==",
      "requires": {
        "@bluelovers/string-natural-compare": "^2.0.5",
        "regexp-helper": "^1.0.34",
        "tslib": "^2.3.1"
      }
    },
    "@types/node": {
      "version": "16.11.10",
      "resolved": "https://registry.npmjs.org/@types/node/-/node-16.11.10.tgz",
      "integrity": "sha512-3aRnHa1KlOEEhJ6+CvyHKK5vE9BcLGjtUpwvqYLRvYNQKMfabu3BwfJaA/SLW8dxe28LsNDjtHwePTuzn3gmOA==",
      "dev": true
    },
    "ansi-regex": {
      "version": "5.0.1",
      "resolved": "https://registry.npmjs.org/ansi-regex/-/ansi-regex-5.0.1.tgz",
      "integrity": "sha512-quJQXlTSUGL2LH9SUXo8VwsY4soanhgo6LNSm84E1LBcE8s3O0wpdiRzyR9z/ZZJMlMWv37qOOb9pdJlMUEKFQ=="
    },
    "array-hyper-unique": {
      "version": "2.0.6",
      "resolved": "https://registry.npmjs.org/array-hyper-unique/-/array-hyper-unique-2.0.6.tgz",
      "integrity": "sha512-OYYVt7iFcj/EMoJ5ujas6AsFYybpsdjF9qQB1I7Xt9c80cg09raPdDV03Y5+XwXmGVQ8z0XlfZ8koy0Gm5dlHw==",
      "requires": {
        "deep-eql": "^4.0.0",
        "lodash": "^4.17.21",
        "tslib": "^2.3.1"
      }
    },
    "big.js": {
      "version": "6.1.1",
      "resolved": "https://registry.npmjs.org/big.js/-/big.js-6.1.1.tgz",
      "integrity": "sha512-1vObw81a8ylZO5ePrtMay0n018TcftpTA5HFKDaSuiUDBo8biRBtjIobw60OpwuvrGk+FsxKamqN4cnmj/eXdg=="
    },
    "bluebird": {
      "version": "3.7.2",
      "resolved": "https://registry.npmjs.org/bluebird/-/bluebird-3.7.2.tgz",
      "integrity": "sha512-XpNj6GDQzdfW+r2Wnn7xiSAd7TM3jzkxGXBGTtWKuSXv1xUV+azxAm8jdWZN06QTQk+2N2XB9jRDkvbmQmcRtg=="
    },
    "braces": {
      "version": "3.0.2",
      "resolved": "https://registry.npmjs.org/braces/-/braces-3.0.2.tgz",
      "integrity": "sha512-b8um+L1RzM3WDSzvhm6gIz1yfTbBt6YTlcEKAvsmqCZZFw46z626lVj9j1yEPW33H5H+lBQpZMP1k8l+78Ha0A==",
      "requires": {
        "fill-range": "^7.0.1"
      }
    },
    "chinese-parseint2": {
      "version": "1.1.5",
      "resolved": "https://registry.npmjs.org/chinese-parseint2/-/chinese-parseint2-1.1.5.tgz",
      "integrity": "sha512-R1+cQ/3IHP0+E6p3fElgHjYMzsO3KYE8fFH9cTDXetWw9fNwqeUlCv+odbkP1vAnlTJBDVZp1+7QxiGp91zecQ==",
      "requires": {
        "tslib": "^2.3.1"
      }
    },
    "cjk-conv": {
      "version": "1.2.139",
      "resolved": "https://registry.npmjs.org/cjk-conv/-/cjk-conv-1.2.139.tgz",
      "integrity": "sha512-BBe6dT4UcDnLAXjb2/x4yPIAqlI1xE1GpJ+X1xo+DeNFIvDwvUBHaHwXPDf+yQJQY7JyHTtO+SPnu8VyYOSJUA==",
      "requires": {
        "@lazy-cjk/jp-table-alias": "^1.0.38",
        "@lazy-cjk/jp-table-comparison": "^1.0.28",
        "@lazy-cjk/jp-table-convert": "^1.0.43",
        "@lazy-cjk/jp-table-voice": "^1.0.36",
        "@lazy-cjk/novel-filename": "^1.0.46",
        "@lazy-cjk/util": "^1.0.17",
        "@lazy-cjk/zh-convert": "^1.0.44",
        "@lazy-cjk/zh-convert-table": "^1.0.22",
        "@lazy-cjk/zh-slugify": "^1.0.82",
        "@lazy-cjk/zh-table-alias": "^1.0.58",
        "@lazy-cjk/zh-table-greedy": "^1.0.84",
        "@lazy-cjk/zh-table-list": "^1.0.80",
        "tslib": "^2.3.1",
        "uni-string": "^1.1.12"
      }
    },
    "class-proxy": {
      "version": "1.1.2",
      "resolved": "https://registry.npmjs.org/class-proxy/-/class-proxy-1.1.2.tgz",
      "integrity": "sha512-kowpC1EGn0b5ZxOMbF8f7IO03gg6dtI1rwBIHMfG5dEAeOVpZpukN9cT4K9cxv+IG8JihVdsqPr0V5bitB+pqQ=="
    },
    "core-decorators": {
      "version": "0.20.0",
      "resolved": "https://registry.npmjs.org/core-decorators/-/core-decorators-0.20.0.tgz",
      "integrity": "sha1-YFiWYkBTr4wo775zXCWjAaYcZcU="
    },
    "crlf-normalize": {
      "version": "1.0.7",
      "resolved": "https://registry.npmjs.org/crlf-normalize/-/crlf-normalize-1.0.7.tgz",
      "integrity": "sha512-USifFsvW0fI8BuHpR0zqHjr2uQdbQ5awWmk0UbWF/Y3jScR+6gFqukzfavi2FzrjQ65ihSMPNGx07K6CPno8sQ==",
      "requires": {
        "ts-type": "^2.1.4"
      }
    },
    "deep-eql": {
      "version": "4.0.0",
      "resolved": "https://registry.npmjs.org/deep-eql/-/deep-eql-4.0.0.tgz",
      "integrity": "sha512-GxJC5MOg2KyQlv6WiUF/VAnMj4MWnYiXo4oLgeptOELVoknyErb4Z8+5F/IM/K4g9/80YzzatxmWcyRwUseH0A==",
      "requires": {
        "type-detect": "^4.0.0"
      }
    },
    "deepmerge": {
      "version": "4.2.2",
      "resolved": "https://registry.npmjs.org/deepmerge/-/deepmerge-4.2.2.tgz",
      "integrity": "sha512-FJ3UgI4gIl+PHZm53knsuSFpE+nESMr7M4v9QcgB7S63Kj/6WqMiFQJpBBYz1Pt+66bZpP3Q7Lye0Oo9MPKEdg=="
    },
    "deepmerge-plus": {
      "version": "2.1.3",
      "resolved": "https://registry.npmjs.org/deepmerge-plus/-/deepmerge-plus-2.1.3.tgz",
      "integrity": "sha512-nmRWdc9y7aqrhnZ1bWA+LOQuMV9WY6roWrZ7HN86l+JQ4HYRKXSQwOTNHseU88Py/knsov4j5Qh5RuFqCsNN8g==",
      "requires": {
        "is-mergeable-object": "1.1.0"
      }
    },
    "emoji-regex": {
      "version": "10.0.0",
      "resolved": "https://registry.npmjs.org/emoji-regex/-/emoji-regex-10.0.0.tgz",
      "integrity": "sha512-KmJa8l6uHi1HrBI34udwlzZY1jOEuID/ft4d8BSSEdRyap7PwBEt910453PJa5MuGvxkLqlt4Uvhu7tttFHViw=="
    },
    "es6-class-prototype": {
      "version": "1.0.4",
      "resolved": "https://registry.npmjs.org/es6-class-prototype/-/es6-class-prototype-1.0.4.tgz",
      "integrity": "sha512-w772noDRF8U+iSsg+wesXRNP61bMbKzky8JAvYEtQOI/DptYMN5cnNnGnjERGXoB+uPrhATbPz/wx7YCRwrpiA==",
      "requires": {
        "class-proxy": "^1.1.2"
      }
    },
    "esbuild": {
      "version": "0.14.0",
      "resolved": "https://registry.npmjs.org/esbuild/-/esbuild-0.14.0.tgz",
      "integrity": "sha512-UOnSKRAyZondxdLrOXnI/mesUmU/GvDTcajCvxoIaObzMeQcn0HyoGtvbfATnazlx799ZqFSyIZGLXFszkjy3A==",
      "dev": true,
      "requires": {
        "esbuild-android-arm64": "0.14.0",
        "esbuild-darwin-64": "0.14.0",
        "esbuild-darwin-arm64": "0.14.0",
        "esbuild-freebsd-64": "0.14.0",
        "esbuild-freebsd-arm64": "0.14.0",
        "esbuild-linux-32": "0.14.0",
        "esbuild-linux-64": "0.14.0",
        "esbuild-linux-arm": "0.14.0",
        "esbuild-linux-arm64": "0.14.0",
        "esbuild-linux-mips64le": "0.14.0",
        "esbuild-linux-ppc64le": "0.14.0",
        "esbuild-netbsd-64": "0.14.0",
        "esbuild-openbsd-64": "0.14.0",
        "esbuild-sunos-64": "0.14.0",
        "esbuild-windows-32": "0.14.0",
        "esbuild-windows-64": "0.14.0",
        "esbuild-windows-arm64": "0.14.0"
      }
    },
    "esbuild-android-arm64": {
      "version": "0.14.0",
      "resolved": "https://registry.npmjs.org/esbuild-android-arm64/-/esbuild-android-arm64-0.14.0.tgz",
      "integrity": "sha512-X7BjFiRRNfxPNg1aT5zw4xK1vbvX2IvDPcEp4bv0CEXgR39UzuOMUsQoG92aZgj8JGs8jxQAZc8k9dVJ1WL2BA==",
      "dev": true,
      "optional": true
    },
    "esbuild-darwin-64": {
      "version": "0.14.0",
      "resolved": "https://registry.npmjs.org/esbuild-darwin-64/-/esbuild-darwin-64-0.14.0.tgz",
      "integrity": "sha512-43vtt407jMp1kEXiaY0dEIGjOREax9F1+qMI0+F9tJyr06EHAofnbLL6cTmLgdPy/pMhltSvOJ8EddJrrOBgpQ==",
      "dev": true,
      "optional": true
    },
    "esbuild-darwin-arm64": {
      "version": "0.14.0",
      "resolved": "https://registry.npmjs.org/esbuild-darwin-arm64/-/esbuild-darwin-arm64-0.14.0.tgz",
      "integrity": "sha512-hMbT5YiBrFL763mnwR9BqNtq9XtJgJRxYs7Ad++KUd+ZhMoVE0Rs/YLe1oor9uBGhHLqQsZuJ2dUHjCsfT/iDg==",
      "dev": true,
      "optional": true
    },
    "esbuild-freebsd-64": {
      "version": "0.14.0",
      "resolved": "https://registry.npmjs.org/esbuild-freebsd-64/-/esbuild-freebsd-64-0.14.0.tgz",
      "integrity": "sha512-mx68HRYIZo6ZiHbWk5Md+mDJoDw779yWkJQAaBnXwOkGbDeA3JmPZjp6IPfy2P+n3emK9z6g4pKiebp1tQGVoQ==",
      "dev": true,
      "optional": true
    },
    "esbuild-freebsd-arm64": {
      "version": "0.14.0",
      "resolved": "https://registry.npmjs.org/esbuild-freebsd-arm64/-/esbuild-freebsd-arm64-0.14.0.tgz",
      "integrity": "sha512-iM8u+zTagh0WGn2FTTxi7DII/ycVzYyuf2Df6eP2ZX+vlx2FjaduhagRkpyhjfmEyhfJOrYSAR5R1biNPcA+VA==",
      "dev": true,
      "optional": true
    },
    "esbuild-linux-32": {
      "version": "0.14.0",
      "resolved": "https://registry.npmjs.org/esbuild-linux-32/-/esbuild-linux-32-0.14.0.tgz",
      "integrity": "sha512-dWHotI2qlXWZyza7n85UubBj0asjpM7FTtQYDaRQKxoCJpCnSzq3aD55IJthiggZHXj2tAML9Bc5xjVLsBJR0w==",
      "dev": true,
      "optional": true
    },
    "esbuild-linux-64": {
      "version": "0.14.0",
      "resolved": "https://registry.npmjs.org/esbuild-linux-64/-/esbuild-linux-64-0.14.0.tgz",
      "integrity": "sha512-7buo31kp1/yKWPm9vU44FEUwkeIROrIgnCDV9KLMLSbOjGEHBZXYJ2L0p4ZnB7Z+m5YiW7F/AfJu0/1E87nOeQ==",
      "dev": true,
      "optional": true
    },
    "esbuild-linux-arm": {
      "version": "0.14.0",
      "resolved": "https://registry.npmjs.org/esbuild-linux-arm/-/esbuild-linux-arm-0.14.0.tgz",
      "integrity": "sha512-fgybXQwPRT4Io01+aD+yphcLOLRVGqbSdhvaDK3qBwqUvspFsq4QkI7PeeYpuQdBZWiRKLoi9v5r90l7JO/s+g==",
      "dev": true,
      "optional": true
    },
    "esbuild-linux-arm64": {
      "version": "0.14.0",
      "resolved": "https://registry.npmjs.org/esbuild-linux-arm64/-/esbuild-linux-arm64-0.14.0.tgz",
      "integrity": "sha512-9LBtCH2RkhDBwoAYksTtXljN6hlxxoL6a3ymNfXJG9JxFUQddOfhajXZdObFn/hgGkAFwx8dXqw+FnPm0FCzSg==",
      "dev": true,
      "optional": true
    },
    "esbuild-linux-mips64le": {
      "version": "0.14.0",
      "resolved": "https://registry.npmjs.org/esbuild-linux-mips64le/-/esbuild-linux-mips64le-0.14.0.tgz",
      "integrity": "sha512-Xz7soOqWeCWcLp15biPM08To+s0k1E/2q0pQZNQ+SY9S5H2vU4ujDXqKjxFc24G9CrOeUNEOXTkh+JldBGbTCA==",
      "dev": true,
      "optional": true
    },
    "esbuild-linux-ppc64le": {
      "version": "0.14.0",
      "resolved": "https://registry.npmjs.org/esbuild-linux-ppc64le/-/esbuild-linux-ppc64le-0.14.0.tgz",
      "integrity": "sha512-fuBXTyUaZKxpmp43Nf0M1uI1OmZv/COcME9PG7NQ/EniwC680Xj5xQFhEBDVnvQQ+6xOnXdfPSojJq7gQxrORQ==",
      "dev": true,
      "optional": true
    },
    "esbuild-netbsd-64": {
      "version": "0.14.0",
      "resolved": "https://registry.npmjs.org/esbuild-netbsd-64/-/esbuild-netbsd-64-0.14.0.tgz",
      "integrity": "sha512-pQaECTKr/iCXtn1qjwih+cvoZzbZ+P3NwLQo4uo/IesklbPTR5eF4d85L1vPFVgff+itBMxbbB7aoRznSglN3A==",
      "dev": true,
      "optional": true
    },
    "esbuild-openbsd-64": {
      "version": "0.14.0",
      "resolved": "https://registry.npmjs.org/esbuild-openbsd-64/-/esbuild-openbsd-64-0.14.0.tgz",
      "integrity": "sha512-HiaqQX9HMb9u3eYvKZ86+m/paQwASJSIjXiRTFpFusypjtU2NJqWb/LiRvhfmwC6rb7YHwCSPx+juSM7M+20bA==",
      "dev": true,
      "optional": true
    },
    "esbuild-sunos-64": {
      "version": "0.14.0",
      "resolved": "https://registry.npmjs.org/esbuild-sunos-64/-/esbuild-sunos-64-0.14.0.tgz",
      "integrity": "sha512-TkMQOSiSU3fHLV3M+OKUgLZt5L7TpcBcMRvtFw1cTxAnX8eT+1qkWVLiDM8ow1C3P7PW3bkGY3LW8vOs8o/jBA==",
      "dev": true,
      "optional": true
    },
    "esbuild-windows-32": {
      "version": "0.14.0",
      "resolved": "https://registry.npmjs.org/esbuild-windows-32/-/esbuild-windows-32-0.14.0.tgz",
      "integrity": "sha512-0h7E50JHgyLd7TkqSIH0VzBhngWspxPHuq/crDAMnh4s4tW8zWCMLIz2c1HVwHfZsh7d5+C4/yBaQeJTHXGvIA==",
      "dev": true,
      "optional": true
    },
    "esbuild-windows-64": {
      "version": "0.14.0",
      "resolved": "https://registry.npmjs.org/esbuild-windows-64/-/esbuild-windows-64-0.14.0.tgz",
      "integrity": "sha512-RxnovPOoQS5Id4mbdIUm96L0GIg+ZME4FthbErw1kZZabLi9eLp1gR3vSwkZXKbK8Z76uDkSW0EN74i1XWVpiQ==",
      "dev": true,
      "optional": true
    },
    "esbuild-windows-arm64": {
      "version": "0.14.0",
      "resolved": "https://registry.npmjs.org/esbuild-windows-arm64/-/esbuild-windows-arm64-0.14.0.tgz",
      "integrity": "sha512-66KsVlT6lGDWgDKQsAlojxgUhZkkjVeosMVRdb913OwtcOjszceg6zFD748jzp9CUgAseHCNJqFmYOyBzneSEQ==",
      "dev": true,
      "optional": true
    },
    "fast-glob": {
      "version": "3.2.11",
      "resolved": "https://registry.npmjs.org/fast-glob/-/fast-glob-3.2.11.tgz",
      "integrity": "sha512-xrO3+1bxSo3ZVHAnqzyuewYT6aMFHRAd4Kcs92MAonjwQZLsK9d0SF1IyQ3k5PoirxTW0Oe/RqFgMQ6TcNE5Ew==",
      "requires": {
        "@nodelib/fs.stat": "^2.0.2",
        "@nodelib/fs.walk": "^1.2.3",
        "glob-parent": "^5.1.2",
        "merge2": "^1.3.0",
        "micromatch": "^4.0.4"
      }
    },
    "fastq": {
      "version": "1.13.0",
      "resolved": "https://registry.npmjs.org/fastq/-/fastq-1.13.0.tgz",
      "integrity": "sha512-YpkpUnK8od0o1hmeSc7UUs/eB/vIPWJYjKck2QKIzAf71Vm1AAQ3EbuZB3g2JIy+pg+ERD0vqI79KyZiB2e2Nw==",
      "requires": {
        "reusify": "^1.0.4"
      }
    },
    "fill-range": {
      "version": "7.0.1",
      "resolved": "https://registry.npmjs.org/fill-range/-/fill-range-7.0.1.tgz",
      "integrity": "sha512-qOo9F+dMUmC2Lcb4BbVvnKJxTPjCm+RRpe4gDuGrzkL7mEVl/djYSu2OdQ2Pa302N4oqkSg9ir6jaLWJ2USVpQ==",
      "requires": {
        "to-regex-range": "^5.0.1"
      }
    },
    "glob-parent": {
      "version": "5.1.2",
      "resolved": "https://registry.npmjs.org/glob-parent/-/glob-parent-5.1.2.tgz",
      "integrity": "sha512-AOIgSQCepiJYwP3ARnGx+5VnTu2HBYdzbGP45eLw1vr3zB3vZLeyed1sC9hnbcOc9/SrMyM5RPQrkGz4aS9Zow==",
      "requires": {
        "is-glob": "^4.0.1"
      }
    },
    "is-extglob": {
      "version": "2.1.1",
      "resolved": "https://registry.npmjs.org/is-extglob/-/is-extglob-2.1.1.tgz",
      "integrity": "sha1-qIwCU1eR8C7TfHahueqXc8gz+MI="
    },
    "is-fullwidth-code-point": {
      "version": "3.0.0",
      "resolved": "https://registry.npmjs.org/is-fullwidth-code-point/-/is-fullwidth-code-point-3.0.0.tgz",
      "integrity": "sha512-zymm5+u+sCsSWyD9qNaejV3DFvhCKclKdizYaJUuHA83RLjb7nSuGnddCHGv0hk+KY7BMAlsWeK4Ueg6EV6XQg=="
    },
    "is-glob": {
      "version": "4.0.3",
      "resolved": "https://registry.npmjs.org/is-glob/-/is-glob-4.0.3.tgz",
      "integrity": "sha512-xelSayHH36ZgE7ZWhli7pW34hNbNl8Ojv5KVmkJD4hBdD3th8Tfk9vYasLM+mXWOZhFkgZfxhLSnrwRr4elSSg==",
      "requires": {
        "is-extglob": "^2.1.1"
      }
    },
    "is-mergeable-object": {
      "version": "1.1.0",
      "resolved": "https://registry.npmjs.org/is-mergeable-object/-/is-mergeable-object-1.1.0.tgz",
      "integrity": "sha512-JfyDDwUdtS4yHCgUpxOyKB9dnfZ0gecufxB0eytX6BmSXSE+8dbxDGt+V7CNRIRJ9sYFV/WQt2KJG6hNob2sBw=="
    },
    "is-number": {
      "version": "7.0.0",
      "resolved": "https://registry.npmjs.org/is-number/-/is-number-7.0.0.tgz",
      "integrity": "sha512-41Cifkg6e8TylSpdtTpeLVMqvSBEVzTttHvERD741+pnZ8ANv0004MRL43QKPDlK9cGvNp6NZWZUBlbGXYxxng=="
    },
    "lodash": {
      "version": "4.17.21",
      "resolved": "https://registry.npmjs.org/lodash/-/lodash-4.17.21.tgz",
      "integrity": "sha512-v2kDEe57lecTulaDIuNTPy3Ry4gLGJ6Z1O3vE1krgXZNrsQ+LFTGHVxVjcXPs17LhbZVGedAJv8XZ1tvj5FvSg=="
    },
    "merge2": {
      "version": "1.4.1",
      "resolved": "https://registry.npmjs.org/merge2/-/merge2-1.4.1.tgz",
      "integrity": "sha512-8q7VEgMJW4J8tcfVPy8g09NcQwZdbwFEqhe/WZkoIzjn/3TGDwtOCYtXGxA3O8tPzpczCCDgv+P2P5y00ZJOOg=="
    },
    "micromatch": {
      "version": "4.0.4",
      "resolved": "https://registry.npmjs.org/micromatch/-/micromatch-4.0.4.tgz",
      "integrity": "sha512-pRmzw/XUcwXGpD9aI9q/0XOwLNygjETJ8y0ao0wdqprrzDa4YnxLcz7fQRZr8voh8V10kGhABbNcHVk5wHgWwg==",
      "requires": {
        "braces": "^3.0.1",
        "picomatch": "^2.2.3"
      }
    },
    "novel-segment": {
      "version": "2.7.89",
      "resolved": "https://registry.npmjs.org/novel-segment/-/novel-segment-2.7.89.tgz",
      "integrity": "sha512-QIbi9dOWDnyfFibpweLvNwgzsFRNO+I4/eOz1OXuNSfh8vprfTzuiLmc3lUUUpVEHiSygvJScgosOOpcl8CyFw==",
      "requires": {
        "@bluelovers/fast-glob": "^3.0.4",
        "@lazy-cjk/zh-table-list": "^1.0.80",
        "@novel-segment/postag": "^1.0.14",
        "@novel-segment/stringify": "^1.0.1",
        "@novel-segment/types": "^1.0.3",
        "array-hyper-unique": "^2.0.6",
        "bluebird": "^3.7.2",
        "cjk-conv": "^1.2.139",
        "core-decorators": "^0.20.0",
        "crlf-normalize": "^1.0.7",
        "deepmerge-plus": "^2.1.3",
        "lodash": "^4.17.21",
        "regexp-cjk": "^3.3.106",
        "segment-dict": "^2.3.170",
        "sort-object-keys2": "^2.0.3",
        "str-util": "^2.3.28",
        "ts-enum-util": "4.0.2",
        "ts-type": "^2.1.4",
        "tslib": "^2.3.1",
        "uni-string": "^1.1.12"
      }
    },
    "picomatch": {
      "version": "2.3.1",
      "resolved": "https://registry.npmjs.org/picomatch/-/picomatch-2.3.1.tgz",
      "integrity": "sha512-JU3teHTNjmE2VCGFzuY8EXzCDVwEqB2a8fsIvwaStHhAWJEeVd1o1QD80CU6+ZdEXXSLbSsuLwJjkCBWqRQUVA=="
    },
    "queue-microtask": {
      "version": "1.2.3",
      "resolved": "https://registry.npmjs.org/queue-microtask/-/queue-microtask-1.2.3.tgz",
      "integrity": "sha512-NuaNSa6flKT5JaSYQzJok04JzTL1CA6aGhv5rfLW3PgqA+M2ChpZQnAC8h8i4ZFkBS8X5RqkDBHA7r4hej3K9A=="
    },
    "regexp-cjk": {
      "version": "3.3.106",
      "resolved": "https://registry.npmjs.org/regexp-cjk/-/regexp-cjk-3.3.106.tgz",
      "integrity": "sha512-b91TIepZj+qEfYhRIiXWwNGAmhLXjerFjlLyC+fNza8go8zopgdlLiZpV5Wi3GlsvyuggWMFIR9u4YMuT2CXOw==",
      "requires": {
        "@lazy-cjk/zh-table-list": "^1.0.80",
        "array-hyper-unique": "^2.0.6",
        "lodash": "^4.17.21",
        "regexp-helper": "^1.0.34",
        "regexp-parser-event": "^1.1.40",
        "regexp-parser-literal": "^1.1.33",
        "regexp-range": "^1.0.40",
        "tslib": "^2.3.1"
      }
    },
    "regexp-helper": {
      "version": "1.0.34",
      "resolved": "https://registry.npmjs.org/regexp-helper/-/regexp-helper-1.0.34.tgz",
      "integrity": "sha512-0Sw9rTCwo/KLvzjrw4GAIoLMuuZutUZ3D0BMxDyTjr4MCOg2Ob8ShcC5BR8g7s7pTTHrUhq1cUzZS3qgqRPAhw==",
      "requires": {
        "regexp-helper-core": "^1.0.19",
        "regexp-support": "^1.0.46",
        "tslib": "^2.3.1"
      }
    },
    "regexp-helper-core": {
      "version": "1.0.19",
      "resolved": "https://registry.npmjs.org/regexp-helper-core/-/regexp-helper-core-1.0.19.tgz",
      "integrity": "sha512-MiR/okNBaeYsa+CLeA78lgN5PYZ+AgAKb2EzRa1SyiMThO25HMX9kzm54+kZsdvFLTO2rBNouN4toy+C2TeOsQ==",
      "requires": {
        "tslib": "^2.3.1"
      }
    },
    "regexp-parser-event": {
      "version": "1.1.40",
      "resolved": "https://registry.npmjs.org/regexp-parser-event/-/regexp-parser-event-1.1.40.tgz",
      "integrity": "sha512-1IJgcYDg02hyB5eoVEOy6KrlbkyESMoswlnIOiL9Oq8JewQOijvX3NOSllqkS+Lpl11z2wQ5iOw0SJRt/UuCxg==",
      "requires": {
        "array-hyper-unique": "^2.0.6",
        "regexp-parser-literal": "^1.1.33",
        "regexpp2": "^1.3.23",
        "ts-type": "^2.1.4",
        "tslib": "^2.3.1"
      }
    },
    "regexp-parser-literal": {
      "version": "1.1.33",
      "resolved": "https://registry.npmjs.org/regexp-parser-literal/-/regexp-parser-literal-1.1.33.tgz",
      "integrity": "sha512-TT0N5EWpn9iqjRvqAJD8CNXFSQ8jNXN0LB/Z6z6YCRIwktcOFo0zFXW+eTIYzPkzNVM+qvP19XKLDUSqjIs9Dg==",
      "requires": {
        "array-hyper-unique": "^2.0.6",
        "emoji-regex": "^10.0.0",
        "regexpp2": "^1.3.23",
        "tslib": "^2.3.1",
        "uni-string": "^1.1.12"
      }
    },
    "regexp-range": {
      "version": "1.0.40",
      "resolved": "https://registry.npmjs.org/regexp-range/-/regexp-range-1.0.40.tgz",
      "integrity": "sha512-A+HkNkHaJQS9vGvT9cs53TGW1PDX1XS2Bq4Ek4WWBP3d/bTAuzslvCqExueuIvZ7VuNvzXWg4mSEM4oMJFn7Hw==",
      "requires": {
        "@lazy-cjk/japanese": "^1.2.27",
        "array-hyper-unique": "^2.0.6",
        "fill-range": "^7.0.1",
        "tslib": "^2.3.1"
      }
    },
    "regexp-support": {
      "version": "1.0.46",
      "resolved": "https://registry.npmjs.org/regexp-support/-/regexp-support-1.0.46.tgz",
      "integrity": "sha512-Se5W6rAZfXKJtpHro4FBL30UimmFM6lUJHxPGL83Ys5YyhTeQA8AuEMLHq2t770JrjpZy3UoXlb/JsR7olGMLg==",
      "requires": {
        "sort-object-keys2": "^2.0.3",
        "tslib": "^2.3.1"
      }
    },
    "regexpp2": {
      "version": "1.3.23",
      "resolved": "https://registry.npmjs.org/regexpp2/-/regexpp2-1.3.23.tgz",
      "integrity": "sha512-aW4wc+pTO3GssR9Va9LsfkHgExLeyavuBp55Ulv4lkpFnodvHcr04g9aki4kDr+9/yWPQHl3SVRCI1+O6W92BA==",
      "requires": {
        "tslib": "^2.3.1"
      }
    },
    "reusify": {
      "version": "1.0.4",
      "resolved": "https://registry.npmjs.org/reusify/-/reusify-1.0.4.tgz",
      "integrity": "sha512-U9nH88a3fc/ekCF1l0/UP1IosiuIjyTh7hBvXVMHYgVcfGvt897Xguj2UOLDeI5BG2m7/uwyaLVT6fbtCwTyzw=="
    },
    "run-parallel": {
      "version": "1.2.0",
      "resolved": "https://registry.npmjs.org/run-parallel/-/run-parallel-1.2.0.tgz",
      "integrity": "sha512-5l4VyZR86LZ/lDxZTR6jqL8AFE2S0IFLMP26AbjsLVADxHdhB/c0GUsH+y39UfCi3dzz8OlQuPmnaJOMoDHQBA==",
      "requires": {
        "queue-microtask": "^1.2.2"
      }
    },
    "runes2": {
      "version": "0.4.16",
      "resolved": "https://registry.npmjs.org/runes2/-/runes2-0.4.16.tgz",
      "integrity": "sha512-x7Yn5ZPXWXSNyQFIjljsKmYg4ef9/vblZQwrF8nSJdX10hX1Rd0B9InRI2YCiSf65nVXY3AfP/TpBQNI+NojHA==",
      "requires": {
        "tslib": "^2.3.1"
      }
    },
    "segment-dict": {
      "version": "2.3.170",
      "resolved": "https://registry.npmjs.org/segment-dict/-/segment-dict-2.3.170.tgz",
      "integrity": "sha512-194rbqcZnOhTArWUhEh2/1lMVrB/xGsRJsJIfhAvSB2arGfioCqgx7CmmmXfv+9Nzmiiq9EO2BsRyHp+7soMNA==",
      "requires": {
        "@bluelovers/fast-glob": "^3.0.4",
        "@novel-segment/dict-loader-core": "^1.0.15",
        "@novel-segment/loader-stopword": "^1.0.15",
        "@novel-segment/loaders": "^1.0.28",
        "@novel-segment/stream-loader-core": "^1.0.17",
        "@novel-segment/util": "^1.0.57",
        "bluebird": "^3.7.2",
        "core-decorators": "^0.20.0",
        "crlf-normalize": "^1.0.7",
        "tslib": "^2.3.1"
      }
    },
    "sort-object-keys2": {
      "version": "2.0.3",
      "resolved": "https://registry.npmjs.org/sort-object-keys2/-/sort-object-keys2-2.0.3.tgz",
      "integrity": "sha512-iqhaVnv8sw6Gsj91Zdzyk2VJ7/Qt8XU3MfmOvHfLUISqswA51Ddi2Q44lVwLeGtxNGQ9qKvJpHRjcZvlQJ6srg=="
    },
    "split2": {
      "version": "4.1.0",
      "resolved": "https://registry.npmjs.org/split2/-/split2-4.1.0.tgz",
      "integrity": "sha512-VBiJxFkxiXRlUIeyMQi8s4hgvKCSjtknJv/LVYbrgALPwf5zSKmEwV9Lst25AkvMDnvxODugjdl6KZgwKM1WYQ=="
    },
    "str-util": {
      "version": "2.3.28",
      "resolved": "https://registry.npmjs.org/str-util/-/str-util-2.3.28.tgz",
      "integrity": "sha512-SEkoCO6f5g1pf2NeYq4zMvJn5AeOajbO6e+MfjPEmZiUuYInOCK6tcE0+8RjiVK8nLW4DgaskM1m3ma3jqY8Rw==",
      "requires": {
        "@lazy-cjk/japanese": "^1.2.24",
        "chinese-parseint2": "^1.1.5",
        "cjk-conv": "^1.2.137",
        "deepmerge": "^4.2.2",
        "is-fullwidth-code-point": "<4 >=3",
        "strip-ansi": "<7 >=6",
        "ts-type": "^2.1.4",
        "tslib": "^2.3.1",
        "uni-string": "^1.1.12"
      }
    },
    "stream-pipe": {
      "version": "1.0.4",
      "resolved": "https://registry.npmjs.org/stream-pipe/-/stream-pipe-1.0.4.tgz",
      "integrity": "sha512-B60m1SSbH4yc7CTRj46hIu7/iDboTdurqEpXgzMxZMClTl2VCegn1lMr7OK0MTnRR3ziFpr7z5t15xUP31cqlw==",
      "requires": {
        "tslib": "^2.3.0"
      }
    },
    "string-natural-compare": {
      "version": "3.0.1",
      "resolved": "https://registry.npmjs.org/string-natural-compare/-/string-natural-compare-3.0.1.tgz",
      "integrity": "sha512-n3sPwynL1nwKi3WJ6AIsClwBMa0zTi54fn2oLU6ndfTSIO05xaznjSf15PcBZU6FNWbmN5Q6cxT4V5hGvB4taw=="
    },
    "strip-ansi": {
      "version": "6.0.1",
      "resolved": "https://registry.npmjs.org/strip-ansi/-/strip-ansi-6.0.1.tgz",
      "integrity": "sha512-Y38VPSHcqkFrCpFnQ9vuSXmquuv5oXOKpGeT6aGrr3o3Gc9AlVa6JBfUSOCnbxGGZF+/0ooI7KrPuUSztUdU5A==",
      "requires": {
        "ansi-regex": "^5.0.1"
      }
    },
    "to-regex-range": {
      "version": "5.0.1",
      "resolved": "https://registry.npmjs.org/to-regex-range/-/to-regex-range-5.0.1.tgz",
      "integrity": "sha512-65P7iz6X5yEr1cwcgvQxbbIw7Uk3gOy5dIdtZ4rDveLqhrdJP+Li/Hx6tyK0NEb+2GCyneCMJiGqrADCSNk8sQ==",
      "requires": {
        "is-number": "^7.0.0"
      }
    },
    "ts-enum-util": {
      "version": "4.0.2",
      "resolved": "https://registry.npmjs.org/ts-enum-util/-/ts-enum-util-4.0.2.tgz",
      "integrity": "sha512-BB5qjvHYgYgOB/CaoA1Cy/B2QNnZ+nVBrJ15VV/AXGWx+AO83k5wgeLOJvkSLoKKavvH/M8Wj4ZbgROjsuYwzw=="
    },
    "ts-type": {
      "version": "2.1.4",
      "resolved": "https://registry.npmjs.org/ts-type/-/ts-type-2.1.4.tgz",
      "integrity": "sha512-wnajiiIMhn/RHJ1oPld95siKmMJrOgaT6+rMmC8vO1LORgDFEzKP2nBmEFM5b4XVe7Q0J5KcU9oRJFzju7UzrA==",
      "requires": {
        "tslib": "^2.3.1",
        "typedarray-dts": "^1.0.0"
      }
    },
    "tslib": {
      "version": "2.3.1",
      "resolved": "https://registry.npmjs.org/tslib/-/tslib-2.3.1.tgz",
      "integrity": "sha512-77EbyPPpMz+FRFRuAFlWMtmgUWGe9UOG2Z25NqCwiIjRhOf5iKGuzSe5P2w1laq+FkRy4p+PCuVkJSGkzTEKVw=="
    },
    "type-detect": {
      "version": "4.0.8",
      "resolved": "https://registry.npmjs.org/type-detect/-/type-detect-4.0.8.tgz",
      "integrity": "sha512-0fr/mIH1dlO+x7TlcMy+bIDqKPsw/70tVyeHW787goQjhmqaZe10uwLujubK9q9Lg6Fiho1KUKDYz0Z7k7g5/g=="
    },
    "typedarray-dts": {
      "version": "1.0.0",
      "resolved": "https://registry.npmjs.org/typedarray-dts/-/typedarray-dts-1.0.0.tgz",
      "integrity": "sha512-Ka0DBegjuV9IPYFT1h0Qqk5U4pccebNIJCGl8C5uU7xtOs+jpJvKGAY4fHGK25hTmXZOEUl9Cnsg5cS6K/b5DA=="
    },
    "typescript": {
      "version": "4.5.2",
      "resolved": "https://registry.npmjs.org/typescript/-/typescript-4.5.2.tgz",
      "integrity": "sha512-5BlMof9H1yGt0P8/WF+wPNw6GfctgGjXp5hkblpyT+8rkASSmkUKMXrxR0Xg8ThVCi/JnHQiKXeBaEwCeQwMFw==",
      "dev": true
    },
    "uni-string": {
      "version": "1.1.12",
      "resolved": "https://registry.npmjs.org/uni-string/-/uni-string-1.1.12.tgz",
      "integrity": "sha512-wMDiZh1eEv94B5P7/S/tvitoou8qIg17QMHMRyZLbsM0Mle50vjL2q/LA8CFiGMlaFtLfwNzqxBHvHQZ3oW9/w==",
      "requires": {
        "es6-class-prototype": "^1.0.4",
        "runes2": "^0.4.16",
        "tslib": "^2.3.1"
      }
    }
  }
}
