{
  "name": "@baranwang/pinyin",
  "version": "1.5.54",
  "lockfileVersion": 1,
  "requires": true,
  "dependencies": {
    "@bluelovers/fast-glob": {
      "version": "3.0.4",
      "resolved": "https://registry.npmjs.org/@bluelovers/fast-glob/-/fast-glob-3.0.4.tgz",
      "integrity": "sha512-djAOOjDWXolYArm5NXxOIX7Q7OGhAaRtMs5F968OxelWkMUU6PyU6tS66CFykVON4U5y8jXcsnVAFCaeuf1nEA==",
      "requires": {
        "bluebird": "^3",
        "fast-glob": "^3"
      }
    },
    "@bluelovers/fill-range": {
      "version": "7.0.2",
      "resolved": "https://registry.npmjs.org/@bluelovers/fill-range/-/fill-range-7.0.2.tgz",
      "integrity": "sha512-KBuuuw6L/FoRUEhgpwM3z5wJ2Zo4ociL5hb7D/B4LDhe5U0Z3CL53i1+c1fcUXx1wExLyA77wtvzK5j+qEigyw==",
      "requires": {
        "@bluelovers/to-regex-range2": "^5.0.1"
      }
    },
    "@bluelovers/string-natural-compare": {
      "version": "2.0.11",
      "resolved": "https://registry.npmjs.org/@bluelovers/string-natural-compare/-/string-natural-compare-2.0.11.tgz",
      "integrity": "sha512-k2KanWgqg6scH37zI7xd/5jFdFWg+V6Z9P1sl3RxrA855AFLbcFeAJMGMN8Dop547MUh5Tq3KKVttvE8DY5yUA==",
      "requires": {
        "string-natural-compare2": "^3.0.1"
      }
    },
    "@bluelovers/to-regex-range2": {
      "version": "5.0.1",
      "resolved": "https://registry.npmjs.org/@bluelovers/to-regex-range2/-/to-regex-range2-5.0.1.tgz",
      "integrity": "sha512-0fVn7EqIBAZjlnyzz87E5JUs0H+4KwW/i2RVzWRbcjb+xBxD0TIvRGUYGrfvb5eiQf0cuJn4F/zkTmd0cgrA0g==",
      "requires": {
        "@lazy-assert/check-basic": "^1.0.8"
      }
    },
    "@lazy-array/util-unique": {
      "version": "1.0.4",
      "resolved": "https://registry.npmjs.org/@lazy-array/util-unique/-/util-unique-1.0.4.tgz",
      "integrity": "sha512-zSffxqZZ8VhO068JG+HlYaUJC5ciCdyJnuUYysntTObrwLsA5bS+A09vhSVZ/On8ft+bOMYoAhAZOTw9Y0q70g=="
    },
    "@lazy-assert/check-basic": {
      "version": "1.0.10",
      "resolved": "https://registry.npmjs.org/@lazy-assert/check-basic/-/check-basic-1.0.10.tgz",
      "integrity": "sha512-uR1jHu6km+LkLXesib4/PHFb9dqJ2gOVazIekKaqRFrKeBUoODb0iG0hJ6ZpeSzuQCj8crqAsm2O1zxbtDYmmg=="
    },
    "@lazy-cjk/japanese": {
      "version": "1.2.28",
      "resolved": "https://registry.npmjs.org/@lazy-cjk/japanese/-/japanese-1.2.28.tgz",
      "integrity": "sha512-UurzF+RNWtNT9uHAI3izpr8YBhpKTJpdI1JDbmShguznoB4q0/2QEH2E9AUmnc4lTpHmXqii8PXqUZvUww2ztw==",
      "requires": {
        "big.js": "^6.2.1",
        "lodash": "^4.17.21",
        "tslib": ">=2"
      }
    },
    "@lazy-cjk/jp-table-alias": {
      "version": "1.0.39",
      "resolved": "https://registry.npmjs.org/@lazy-cjk/jp-table-alias/-/jp-table-alias-1.0.39.tgz",
      "integrity": "sha512-CDqhxOdc7od+4Qg4+qg2aeVWZ5yr6fEqj4PdNwrLwpfjsEvN3Q8HEtyKv0PlG2mZyDMKepkw15vc/U15srW23g==",
      "requires": {
        "@lazy-cjk/jp-table-convert": "^1.0.44",
        "array-hyper-unique": "^2.1.4",
        "tslib": ">=2"
      }
    },
    "@lazy-cjk/jp-table-comparison": {
      "version": "1.0.29",
      "resolved": "https://registry.npmjs.org/@lazy-cjk/jp-table-comparison/-/jp-table-comparison-1.0.29.tgz",
      "integrity": "sha512-yy+KrAk9ORhjJHB3VOWiQ/Wrx+CGP2PwCjixqRuw7xU1v2p8QRSiDAcPvh1FX+ObD/fenRq09NMEAw3X8pJlJg==",
      "requires": {
        "array-hyper-unique": "^2.1.4",
        "tslib": ">=2"
      }
    },
    "@lazy-cjk/jp-table-convert": {
      "version": "1.0.44",
      "resolved": "https://registry.npmjs.org/@lazy-cjk/jp-table-convert/-/jp-table-convert-1.0.44.tgz",
      "integrity": "sha512-8kftGZJp2hm66g5BrYlHPBh75an9ruD/9OYmi269+cTvonvHVPflHEhdGShfz1zj1CLY3XoHHQ8sOFgVb1fAsA==",
      "requires": {
        "@lazy-cjk/jp-table-comparison": "^1.0.29",
        "regexp-helper": "^1.0.35",
        "tslib": ">=2",
        "uni-string": "^2.0.2"
      },
      "dependencies": {
        "uni-string": {
          "version": "2.0.2",
          "resolved": "https://registry.npmjs.org/uni-string/-/uni-string-2.0.2.tgz",
          "integrity": "sha512-YngGC1Sh79FAm1Haqa5dTDUmOEWrkLFlZO52FeleWFy8sZz4erIjABOELX5LEc625xTZv0mQsKziub0G1Gy4tA==",
          "requires": {
            "es6-class-prototype": "^2.0.0",
            "runes2": "^1.0.9"
          }
        }
      }
    },
    "@lazy-cjk/jp-table-voice": {
      "version": "1.0.37",
      "resolved": "https://registry.npmjs.org/@lazy-cjk/jp-table-voice/-/jp-table-voice-1.0.37.tgz",
      "integrity": "sha512-v1fnb1gBsjJ6fm2dQdFflH9gfQimg8tD6MoIpqlgaAiOTMtLina+MnmFoIw39WZp1ARiHAXqvO4Z6DgZRmp+2g==",
      "requires": {
        "array-hyper-unique": "^2.1.4",
        "ts-type": ">=2",
        "tslib": ">=2"
      }
    },
    "@lazy-cjk/novel-filename": {
      "version": "1.0.47",
      "resolved": "https://registry.npmjs.org/@lazy-cjk/novel-filename/-/novel-filename-1.0.47.tgz",
      "integrity": "sha512-WKX5q8paV1dEDKAnOu+cqpwUBppIl2Q3iK8rzMKueap3sVhcn58Pynn7WoWM+xNoW8mGGiv11dqEz5RNUlaaHw==",
      "requires": {
        "@lazy-cjk/jp-table-convert": "^1.0.44",
        "@lazy-cjk/zh-convert": "^1.0.45",
        "tslib": ">=2"
      }
    },
    "@lazy-cjk/regexp-range-table": {
      "version": "1.0.1",
      "resolved": "https://registry.npmjs.org/@lazy-cjk/regexp-range-table/-/regexp-range-table-1.0.1.tgz",
      "integrity": "sha512-4bs/bIWpVpG9HbqZ6cxQ7jzFBbE7DfYmHxGP7KaiI4onrmOI+4dZtpFNBaKh4VbgiCJhe1ZhikzQBOmVh+ZaBg=="
    },
    "@lazy-cjk/static-build-zh-convert": {
      "version": "1.0.48",
      "resolved": "https://registry.npmjs.org/@lazy-cjk/static-build-zh-convert/-/static-build-zh-convert-1.0.48.tgz",
      "integrity": "sha512-ytjmIWSS9Mo/sahjYRCbPbrw57+46uqAzW9HGfum8j//i3T6e2gr3cV5SvpIZEiJK8X/QBqcz4vOwK1Z7rCbfA==",
      "requires": {
        "tslib": ">=2"
      }
    },
    "@lazy-cjk/util": {
      "version": "1.0.18",
      "resolved": "https://registry.npmjs.org/@lazy-cjk/util/-/util-1.0.18.tgz",
      "integrity": "sha512-5Hxm60wBaulhBQmOeAOdvNky/BRTckeo/nZFS/SwOr9mPdczn6NHn4Nqbk4XMqZCvBbOBFnren85MKo5y/UsbQ==",
      "requires": {
        "tslib": ">=2",
        "uni-string": "^2.0.2"
      },
      "dependencies": {
        "uni-string": {
          "version": "2.0.2",
          "resolved": "https://registry.npmjs.org/uni-string/-/uni-string-2.0.2.tgz",
          "integrity": "sha512-YngGC1Sh79FAm1Haqa5dTDUmOEWrkLFlZO52FeleWFy8sZz4erIjABOELX5LEc625xTZv0mQsKziub0G1Gy4tA==",
          "requires": {
            "es6-class-prototype": "^2.0.0",
            "runes2": "^1.0.9"
          }
        }
      }
    },
    "@lazy-cjk/zh-convert": {
      "version": "1.0.45",
      "resolved": "https://registry.npmjs.org/@lazy-cjk/zh-convert/-/zh-convert-1.0.45.tgz",
      "integrity": "sha512-jcA54XggTqx1vrLDkm/wRWsWzkv5/byfadx9MFAYrjbaHo6AfBYwwmIV51el7qOK+ITL66x7mDRcsPfRJSwJ9A==",
      "requires": {
        "@lazy-cjk/static-build-zh-convert": "^1.0.48",
        "array-hyper-unique": "^2.1.4",
        "regexp-helper": "^1.0.35",
        "tslib": ">=2",
        "uni-string": "^2.0.2"
      },
      "dependencies": {
        "uni-string": {
          "version": "2.0.2",
          "resolved": "https://registry.npmjs.org/uni-string/-/uni-string-2.0.2.tgz",
          "integrity": "sha512-YngGC1Sh79FAm1Haqa5dTDUmOEWrkLFlZO52FeleWFy8sZz4erIjABOELX5LEc625xTZv0mQsKziub0G1Gy4tA==",
          "requires": {
            "es6-class-prototype": "^2.0.0",
            "runes2": "^1.0.9"
          }
        }
      }
    },
    "@lazy-cjk/zh-convert-table": {
      "version": "1.0.23",
      "resolved": "https://registry.npmjs.org/@lazy-cjk/zh-convert-table/-/zh-convert-table-1.0.23.tgz",
      "integrity": "sha512-73kuMrTkwSEWeFI0ZI57JdIDBieh+yXk6s1A9NMBf1tgGnV2DR8c+BMVTalVDbhx8Skyh69iXawdP7/aeElfyw==",
      "requires": {
        "tslib": ">=2"
      }
    },
    "@lazy-cjk/zh-slugify": {
      "version": "1.0.83",
      "resolved": "https://registry.npmjs.org/@lazy-cjk/zh-slugify/-/zh-slugify-1.0.83.tgz",
      "integrity": "sha512-LE7gQnRTzOJiVK120VYeWVc2yD4ylE1GGcx8J8ibfxpV2mgKseVcX+vAYHpTNgxLywmK8YMOOaf1PYaDLQc3dA==",
      "requires": {
        "@lazy-cjk/zh-table-greedy": "^1.0.85",
        "@lazy-cjk/zh-table-list": "^1.0.81",
        "tslib": ">=2"
      }
    },
    "@lazy-cjk/zh-table-alias": {
      "version": "1.0.59",
      "resolved": "https://registry.npmjs.org/@lazy-cjk/zh-table-alias/-/zh-table-alias-1.0.59.tgz",
      "integrity": "sha512-u0WMV8idggmK8I8ne/aLeCtOEw+0pD/liRvRu8kBVbpNxyZ8i3YcrMRH3uWT5170J7ff6dNv2CDi6S6SKLuf5g==",
      "requires": {
        "@lazy-cjk/jp-table-alias": "^1.0.39",
        "@lazy-cjk/zh-convert": "^1.0.45",
        "array-hyper-unique": "^2.1.4",
        "deepmerge-plus": "^2.1.3",
        "ts-type": ">=2",
        "tslib": ">=2"
      }
    },
    "@lazy-cjk/zh-table-greedy": {
      "version": "1.0.85",
      "resolved": "https://registry.npmjs.org/@lazy-cjk/zh-table-greedy/-/zh-table-greedy-1.0.85.tgz",
      "integrity": "sha512-pmW+V6+bM0qsvl2Iq0rJudxXI3QPH6gwkHo/B8LD91oSCRDv8i4iQYtQ0/zgzgTaYEG/QNnVoPxpq7XENoZOfQ==",
      "requires": {
        "array-hyper-unique": "^2.1.4",
        "tslib": ">=2",
        "uni-string": "^2.0.2"
      },
      "dependencies": {
        "uni-string": {
          "version": "2.0.2",
          "resolved": "https://registry.npmjs.org/uni-string/-/uni-string-2.0.2.tgz",
          "integrity": "sha512-YngGC1Sh79FAm1Haqa5dTDUmOEWrkLFlZO52FeleWFy8sZz4erIjABOELX5LEc625xTZv0mQsKziub0G1Gy4tA==",
          "requires": {
            "es6-class-prototype": "^2.0.0",
            "runes2": "^1.0.9"
          }
        }
      }
    },
    "@lazy-cjk/zh-table-list": {
      "version": "1.0.81",
      "resolved": "https://registry.npmjs.org/@lazy-cjk/zh-table-list/-/zh-table-list-1.0.81.tgz",
      "integrity": "sha512-XIxq2FdvkBvEfmw89blDD8bXfGZC5yQac0oLUkGM2jcZ2p2vqRVLnDiTsHLlXDisaEau64NQHfJFdekCNvxl5g==",
      "requires": {
        "@lazy-cjk/jp-table-convert": "^1.0.44",
        "@lazy-cjk/zh-convert": "^1.0.45",
        "@lazy-cjk/zh-table-alias": "^1.0.59",
        "@lazy-cjk/zh-table-greedy": "^1.0.85",
        "tslib": ">=2",
        "uni-string": "^2.0.2"
      },
      "dependencies": {
        "uni-string": {
          "version": "2.0.2",
          "resolved": "https://registry.npmjs.org/uni-string/-/uni-string-2.0.2.tgz",
          "integrity": "sha512-YngGC1Sh79FAm1Haqa5dTDUmOEWrkLFlZO52FeleWFy8sZz4erIjABOELX5LEc625xTZv0mQsKziub0G1Gy4tA==",
          "requires": {
            "es6-class-prototype": "^2.0.0",
            "runes2": "^1.0.9"
          }
        }
      }
    },
    "@nodelib/fs.scandir": {
      "version": "2.1.5",
      "resolved": "https://registry.npmjs.org/@nodelib/fs.scandir/-/fs.scandir-2.1.5.tgz",
      "integrity": "sha512-vq24Bq3ym5HEQm2NKCr3yXDwjc7vTsEThRDnkp2DK9p1uqLR+DHurm/NOTo0KG7HYHU7eppKZj3MyqYuMBf62g==",
      "requires": {
        "@nodelib/fs.stat": "2.0.5",
        "run-parallel": "^1.1.9"
      }
    },
    "@nodelib/fs.stat": {
      "version": "2.0.5",
      "resolved": "https://registry.npmjs.org/@nodelib/fs.stat/-/fs.stat-2.0.5.tgz",
      "integrity": "sha512-RkhPPp2zrqDAQA/2jNhnztcPAlv64XdhIp7a7454A5ovI7Bukxgt7MX7udwAu3zg1DcpPU0rz3VV1SeaqvY4+A=="
    },
    "@nodelib/fs.walk": {
      "version": "1.2.8",
      "resolved": "https://registry.npmjs.org/@nodelib/fs.walk/-/fs.walk-1.2.8.tgz",
      "integrity": "sha512-oGB+UxlgWcgQkgwo8GcEGwemoTFt3FIO9ababBmaGwXIoBKZ+GTy0pP185beGg7Llih/NSHSV2XAs1lnznocSg==",
      "requires": {
        "@nodelib/fs.scandir": "2.1.5",
        "fastq": "^1.6.0"
      }
    },
    "@novel-segment/dict-loader-core": {
      "version": "1.0.18",
      "resolved": "https://registry.npmjs.org/@novel-segment/dict-loader-core/-/dict-loader-core-1.0.18.tgz",
      "integrity": "sha512-qlTGOeHUM7/U7Hr+mWtivnuGthIQczu0MBy9PEG3EmzLUFaM2m0He7tN0B/RJSNGgwljITgOQF9tIJek2yoL5w==",
      "requires": {
        "bluebird": "^3.7.2",
        "core-decorators": "^0.20.0",
        "crlf-normalize": "^1.0.12",
        "tslib": ">=2"
      }
    },
    "@novel-segment/loader-line": {
      "version": "1.0.19",
      "resolved": "https://registry.npmjs.org/@novel-segment/loader-line/-/loader-line-1.0.19.tgz",
      "integrity": "sha512-VX0D54o5p7QeuVllivAg2AvIkdWFCpIpqgTVJR8YdZNUPplf6Gb0k96dkTqsF8yAb1hxyWcQkrF+65PoDjcpQw==",
      "requires": {
        "@novel-segment/dict-loader-core": "^1.0.18",
        "tslib": ">=2"
      }
    },
    "@novel-segment/loader-stopword": {
      "version": "1.0.18",
      "resolved": "https://registry.npmjs.org/@novel-segment/loader-stopword/-/loader-stopword-1.0.18.tgz",
      "integrity": "sha512-ScIzLpgtec0UYPWGSRU/iYt1zwh92wmOhJ9RgL1+LHqKYkp7r1QcjkN3Deo3oEEPeXdmrWysvA/VCi/Vt5hmXw==",
      "requires": {
        "@novel-segment/dict-loader-core": "^1.0.18",
        "tslib": ">=2"
      }
    },
    "@novel-segment/loaders": {
      "version": "1.0.35",
      "resolved": "https://registry.npmjs.org/@novel-segment/loaders/-/loaders-1.0.35.tgz",
      "integrity": "sha512-YbaHie7ZJERC5WX4/mqoIrqAmdzrW9gynh/cJfCZNQfPWRHz6vLgQWrpBT3gJO+j2kwDQVJgm6SXizPaOxrXfw==",
      "requires": {
        "@novel-segment/dict-loader-core": "^1.0.18",
        "@novel-segment/loader-line": "^1.0.19",
        "@novel-segment/loader-stopword": "^1.0.18",
        "@novel-segment/stream-loader-core": "^1.0.21",
        "@novel-segment/types": "^1.0.8",
        "tslib": ">=2"
      }
    },
    "@novel-segment/postag": {
      "version": "1.0.19",
      "resolved": "https://registry.npmjs.org/@novel-segment/postag/-/postag-1.0.19.tgz",
      "integrity": "sha512-lbot9hzBOKuQxhshsOEcxLxTJhaEuJ46jqnk7ZvMqXrSGRt6v0MCp2nARgYDYfRcH4jNmk+FroheruRScaArwg==",
      "requires": {
        "ts-enum-util": "^4.0.2",
        "ts-type": "^2.1.10",
        "tslib": ">=2"
      }
    },
    "@novel-segment/stream-loader-core": {
      "version": "1.0.21",
      "resolved": "https://registry.npmjs.org/@novel-segment/stream-loader-core/-/stream-loader-core-1.0.21.tgz",
      "integrity": "sha512-qMylJsWlM/chiYv+npe9rl9FKFOaZKYZ/5GAkjK3bZNs3DNFM5siazNg8GzXTPy/gjQuOaIMPwz+VqvZW39fVg==",
      "requires": {
        "bluebird": "^3.7.2",
        "split2": "^4.1.0",
        "stream-pipe": "^1.0.4",
        "tslib": ">=2"
      }
    },
    "@novel-segment/stringify": {
      "version": "1.0.7",
      "resolved": "https://registry.npmjs.org/@novel-segment/stringify/-/stringify-1.0.7.tgz",
      "integrity": "sha512-wE9pg8cdXdyE3z+gtpzyNfGw1qlZ2VFqw+vBDoipwY7Nwsk0mIEivE7NgbVFGPchVhhFJBjPhzNPLuH/uCATgg==",
      "requires": {
        "@novel-segment/types": "^1.0.8",
        "ts-type": "^2.1.10",
        "tslib": ">=2"
      }
    },
    "@novel-segment/table-blacklist": {
      "version": "1.0.6",
      "resolved": "https://registry.npmjs.org/@novel-segment/table-blacklist/-/table-blacklist-1.0.6.tgz",
      "integrity": "sha512-gEvRJnCUGq1FpyVQNtRRlpQcivK3G5cakn6BQtWpZVLr2uSqWX+GTkkv3bTTJzJw1W+/zuBZqq67RmrvWNE2lA==",
      "requires": {
        "@novel-segment/table-line": "^1.0.7",
        "tslib": ">=2"
      }
    },
    "@novel-segment/table-core-abstract": {
      "version": "1.0.7",
      "resolved": "https://registry.npmjs.org/@novel-segment/table-core-abstract/-/table-core-abstract-1.0.7.tgz",
      "integrity": "sha512-GkmmMn+UALe6CcYNGE9zZTtc4EqLgQjwgakLeDquuyPOfyo56QJCJevEwgmG8UUYlrOQr4GbRVAgJsHT8px5eg==",
      "requires": {
        "@novel-segment/loaders": "^1.0.35",
        "@novel-segment/types": "^1.0.8",
        "lodash": "^4.17.21",
        "ts-type": "^2.1.10",
        "tslib": ">=2"
      }
    },
    "@novel-segment/table-dict": {
      "version": "1.0.7",
      "resolved": "https://registry.npmjs.org/@novel-segment/table-dict/-/table-dict-1.0.7.tgz",
      "integrity": "sha512-8nen2ffmubkfXCnrAXmRsQQcUACRpNOzeigGHZQhRMorGg8mgjqUFsg+erH2NLKUJa/sLtFxv+kow+HQ4HmV5w==",
      "requires": {
        "@lazy-cjk/zh-table-list": "^1.0.80",
        "@novel-segment/loaders": "^1.0.35",
        "@novel-segment/table-core-abstract": "^1.0.7",
        "tslib": ">=2"
      }
    },
    "@novel-segment/table-line": {
      "version": "1.0.7",
      "resolved": "https://registry.npmjs.org/@novel-segment/table-line/-/table-line-1.0.7.tgz",
      "integrity": "sha512-8SEneTIdBkL1DW4DWGWYZYQj19Zn2Fj0rRwkbwbFaUG9gW6XfBP54PYSHGQrv9IDshrwHO9YgQLX5AZnOpdfsw==",
      "requires": {
        "@novel-segment/loader-line": "^1.0.19",
        "@novel-segment/table-core-abstract": "^1.0.7",
        "lodash": "^4.17.21",
        "tslib": ">=2"
      }
    },
    "@novel-segment/table-stopword": {
      "version": "1.0.6",
      "resolved": "https://registry.npmjs.org/@novel-segment/table-stopword/-/table-stopword-1.0.6.tgz",
      "integrity": "sha512-coJMwtYD6Yiw7kdTMIw056eyndy54GUygvJX9VhVKgIQwec0tS7c+LWDTtrtRB1wzvhB/qqHef9vcoebxNfevQ==",
      "requires": {
        "@novel-segment/table-line": "^1.0.7",
        "tslib": ">=2"
      }
    },
    "@novel-segment/table-synonym": {
      "version": "1.0.6",
      "resolved": "https://registry.npmjs.org/@novel-segment/table-synonym/-/table-synonym-1.0.6.tgz",
      "integrity": "sha512-dfq9HrnR008EJgpU8Vn0EjtXmaZyPwtjz1tAKvrIdc+rWZzM1Vi4wtzcKV777MI0/9xpKCVv4hNSJ2T4KFzUiw==",
      "requires": {
        "@novel-segment/table-synonym-pangu": "^1.0.7",
        "tslib": ">=2"
      }
    },
    "@novel-segment/table-synonym-pangu": {
      "version": "1.0.7",
      "resolved": "https://registry.npmjs.org/@novel-segment/table-synonym-pangu/-/table-synonym-pangu-1.0.7.tgz",
      "integrity": "sha512-thKenknjCuSkK/p7CjxM5zHBbo/Y9Go8/B3yCXOlAxQCl5NWRAqBsEfUfCp04XrOu66TzFwNx1Pri/0hkyAmgQ==",
      "requires": {
        "@novel-segment/table-core-abstract": "^1.0.7",
        "tslib": ">=2"
      }
    },
    "@novel-segment/types": {
      "version": "1.0.8",
      "resolved": "https://registry.npmjs.org/@novel-segment/types/-/types-1.0.8.tgz",
      "integrity": "sha512-/j8Kg5LjDwtHOi21W8FrmX9rJP1jEn5RJLy23eI9Ey6mXQaIaHkXtC4tHmHRolPh4IcCHRKmfZxOLRNEFdzTrQ==",
      "requires": {
        "tslib": ">=2"
      }
    },
    "@novel-segment/util": {
      "version": "1.0.64",
      "resolved": "https://registry.npmjs.org/@novel-segment/util/-/util-1.0.64.tgz",
      "integrity": "sha512-8dQVSc13iRoOIYmO92yvvLjBxSUE5gWb36m8Jq93S8yg1GzVlq/KbGDzvqArBTCR1VaVD6XRVGvhOXVBk4qFpw==",
      "requires": {
        "@bluelovers/string-natural-compare": "^2.0.7",
        "regexp-helper": "^1.0.34",
        "tslib": ">=2"
      }
    },
    "@types/node": {
      "version": "16.11.10",
      "resolved": "https://registry.npmjs.org/@types/node/-/node-16.11.10.tgz",
      "integrity": "sha512-3aRnHa1KlOEEhJ6+CvyHKK5vE9BcLGjtUpwvqYLRvYNQKMfabu3BwfJaA/SLW8dxe28LsNDjtHwePTuzn3gmOA==",
      "dev": true
    },
    "ansi-regex": {
      "version": "5.0.1",
      "resolved": "https://registry.npmjs.org/ansi-regex/-/ansi-regex-5.0.1.tgz",
      "integrity": "sha512-quJQXlTSUGL2LH9SUXo8VwsY4soanhgo6LNSm84E1LBcE8s3O0wpdiRzyR9z/ZZJMlMWv37qOOb9pdJlMUEKFQ=="
    },
    "array-hyper-unique": {
      "version": "2.1.4",
      "resolved": "https://registry.npmjs.org/array-hyper-unique/-/array-hyper-unique-2.1.4.tgz",
      "integrity": "sha512-RVsGx2YpFGhGpgdkK7A0VjFQecVUCowpkQerGCsyXVRXHxccAlPPTDt9ueF/X7Zq/6z6duZ49i9WzTCzcnQygQ==",
      "requires": {
        "deep-eql": "= 4.0.0",
        "lodash": "^4.17.21"
      }
    },
    "big.js": {
      "version": "6.2.1",
      "resolved": "https://registry.npmjs.org/big.js/-/big.js-6.2.1.tgz",
      "integrity": "sha512-bCtHMwL9LeDIozFn+oNhhFoq+yQ3BNdnsLSASUxLciOb1vgvpHsIO1dsENiGMgbb4SkP5TrzWzRiLddn8ahVOQ=="
    },
    "bluebird": {
      "version": "3.7.2",
      "resolved": "https://registry.npmjs.org/bluebird/-/bluebird-3.7.2.tgz",
      "integrity": "sha512-XpNj6GDQzdfW+r2Wnn7xiSAd7TM3jzkxGXBGTtWKuSXv1xUV+azxAm8jdWZN06QTQk+2N2XB9jRDkvbmQmcRtg=="
    },
    "braces": {
      "version": "3.0.2",
      "resolved": "https://registry.npmjs.org/braces/-/braces-3.0.2.tgz",
      "integrity": "sha512-b8um+L1RzM3WDSzvhm6gIz1yfTbBt6YTlcEKAvsmqCZZFw46z626lVj9j1yEPW33H5H+lBQpZMP1k8l+78Ha0A==",
      "requires": {
        "fill-range": "^7.0.1"
      }
    },
    "chinese-parseint2": {
      "version": "2.0.2",
      "resolved": "https://registry.npmjs.org/chinese-parseint2/-/chinese-parseint2-2.0.2.tgz",
      "integrity": "sha512-bIBMdYBuigLPT59eWKjgMb1jNHveXmnnMC6qlNxEMqcX+44W+UcrVuJx5aTU4Uq0HY7T6MmR6kklnpWg6OSN+Q=="
    },
    "cjk-conv": {
      "version": "1.2.140",
      "resolved": "https://registry.npmjs.org/cjk-conv/-/cjk-conv-1.2.140.tgz",
      "integrity": "sha512-U+fm3M9j9M6VHKSx+iSCJHQaMx7LgrTxAlJUqMJjho3jcTLyQheSx0Im0jjKogT5OW3I1w/1ETnh8NXEJVUCUg==",
      "requires": {
        "@lazy-cjk/jp-table-alias": "^1.0.39",
        "@lazy-cjk/jp-table-comparison": "^1.0.29",
        "@lazy-cjk/jp-table-convert": "^1.0.44",
        "@lazy-cjk/jp-table-voice": "^1.0.37",
        "@lazy-cjk/novel-filename": "^1.0.47",
        "@lazy-cjk/util": "^1.0.18",
        "@lazy-cjk/zh-convert": "^1.0.45",
        "@lazy-cjk/zh-convert-table": "^1.0.23",
        "@lazy-cjk/zh-slugify": "^1.0.83",
        "@lazy-cjk/zh-table-alias": "^1.0.59",
        "@lazy-cjk/zh-table-greedy": "^1.0.85",
        "@lazy-cjk/zh-table-list": "^1.0.81",
        "tslib": ">=2",
        "uni-string": "^2.0.2"
      },
      "dependencies": {
        "uni-string": {
          "version": "2.0.2",
          "resolved": "https://registry.npmjs.org/uni-string/-/uni-string-2.0.2.tgz",
          "integrity": "sha512-YngGC1Sh79FAm1Haqa5dTDUmOEWrkLFlZO52FeleWFy8sZz4erIjABOELX5LEc625xTZv0mQsKziub0G1Gy4tA==",
          "requires": {
            "es6-class-prototype": "^2.0.0",
            "runes2": "^1.0.9"
          }
        }
      }
    },
    "class-proxy": {
      "version": "2.0.0",
      "resolved": "https://registry.npmjs.org/class-proxy/-/class-proxy-2.0.0.tgz",
      "integrity": "sha512-BDQfDF/EThTivmMgaEpiwToj20nDzpXoverANmY7aJyTe2z4ss8ZRlFnWFkJqcMli9HvNDzO1+getFeoED/xZg=="
    },
    "core-decorators": {
      "version": "0.20.0",
      "resolved": "https://registry.npmjs.org/core-decorators/-/core-decorators-0.20.0.tgz",
      "integrity": "sha512-7cp/Pz3AmQXjRwhAsFN+8ndRiBNyLxtZgC/fhKvrwQTf2ZlZma6LnimoJPrOqgxZ0tIeI9VvSs+QKe0OPJ0SuA=="
    },
    "crlf-normalize": {
      "version": "1.0.16",
      "resolved": "https://registry.npmjs.org/crlf-normalize/-/crlf-normalize-1.0.16.tgz",
      "integrity": "sha512-nAvZ/etqpk4wYggBa95z3VVvPJ57jt+NujgcJLKoPy/hKUdobIqibo6Vg0O7doOT9eGDFKoIND/7NDQz1DXJSg==",
      "requires": {
        "ts-type": ">=2.1.10"
      }
    },
    "deep-eql": {
      "version": "4.0.0",
      "resolved": "https://registry.npmjs.org/deep-eql/-/deep-eql-4.0.0.tgz",
      "integrity": "sha512-GxJC5MOg2KyQlv6WiUF/VAnMj4MWnYiXo4oLgeptOELVoknyErb4Z8+5F/IM/K4g9/80YzzatxmWcyRwUseH0A==",
      "requires": {
        "type-detect": "^4.0.0"
      }
    },
    "deepmerge": {
      "version": "4.2.2",
      "resolved": "https://registry.npmjs.org/deepmerge/-/deepmerge-4.2.2.tgz",
      "integrity": "sha512-FJ3UgI4gIl+PHZm53knsuSFpE+nESMr7M4v9QcgB7S63Kj/6WqMiFQJpBBYz1Pt+66bZpP3Q7Lye0Oo9MPKEdg=="
    },
    "deepmerge-plus": {
      "version": "2.1.3",
      "resolved": "https://registry.npmjs.org/deepmerge-plus/-/deepmerge-plus-2.1.3.tgz",
      "integrity": "sha512-nmRWdc9y7aqrhnZ1bWA+LOQuMV9WY6roWrZ7HN86l+JQ4HYRKXSQwOTNHseU88Py/knsov4j5Qh5RuFqCsNN8g==",
      "requires": {
        "is-mergeable-object": "1.1.0"
      }
    },
    "emoji-regex": {
      "version": "10.2.1",
      "resolved": "https://registry.npmjs.org/emoji-regex/-/emoji-regex-10.2.1.tgz",
      "integrity": "sha512-97g6QgOk8zlDRdgq1WxwgTMgEWGVAQvB5Fdpgc1MkNy56la5SKP9GsMXKDOdqwn90/41a8yPwIGk1Y6WVbeMQA=="
    },
    "es6-class-prototype": {
      "version": "2.0.0",
      "resolved": "https://registry.npmjs.org/es6-class-prototype/-/es6-class-prototype-2.0.0.tgz",
      "integrity": "sha512-nn4YicqIBGRYIf8n/k45/iMfEZY8VVEW3jSeKWE9UTojR2evH1nl5fsJ9Cu7ZYZGUWaqZbXDyXMHk+e8ekw7Aw==",
      "requires": {
        "class-proxy": "^2.0.0"
      }
    },
    "esbuild": {
      "version": "0.14.0",
      "resolved": "https://registry.npmjs.org/esbuild/-/esbuild-0.14.0.tgz",
      "integrity": "sha512-UOnSKRAyZondxdLrOXnI/mesUmU/GvDTcajCvxoIaObzMeQcn0HyoGtvbfATnazlx799ZqFSyIZGLXFszkjy3A==",
      "dev": true,
      "requires": {
        "esbuild-android-arm64": "0.14.0",
        "esbuild-darwin-64": "0.14.0",
        "esbuild-darwin-arm64": "0.14.0",
        "esbuild-freebsd-64": "0.14.0",
        "esbuild-freebsd-arm64": "0.14.0",
        "esbuild-linux-32": "0.14.0",
        "esbuild-linux-64": "0.14.0",
        "esbuild-linux-arm": "0.14.0",
        "esbuild-linux-arm64": "0.14.0",
        "esbuild-linux-mips64le": "0.14.0",
        "esbuild-linux-ppc64le": "0.14.0",
        "esbuild-netbsd-64": "0.14.0",
        "esbuild-openbsd-64": "0.14.0",
        "esbuild-sunos-64": "0.14.0",
        "esbuild-windows-32": "0.14.0",
        "esbuild-windows-64": "0.14.0",
        "esbuild-windows-arm64": "0.14.0"
      }
    },
    "esbuild-android-arm64": {
      "version": "0.14.0",
      "resolved": "https://registry.npmjs.org/esbuild-android-arm64/-/esbuild-android-arm64-0.14.0.tgz",
      "integrity": "sha512-X7BjFiRRNfxPNg1aT5zw4xK1vbvX2IvDPcEp4bv0CEXgR39UzuOMUsQoG92aZgj8JGs8jxQAZc8k9dVJ1WL2BA==",
      "dev": true,
      "optional": true
    },
    "esbuild-darwin-64": {
      "version": "0.14.0",
      "resolved": "https://registry.npmjs.org/esbuild-darwin-64/-/esbuild-darwin-64-0.14.0.tgz",
      "integrity": "sha512-43vtt407jMp1kEXiaY0dEIGjOREax9F1+qMI0+F9tJyr06EHAofnbLL6cTmLgdPy/pMhltSvOJ8EddJrrOBgpQ==",
      "dev": true,
      "optional": true
    },
    "esbuild-darwin-arm64": {
      "version": "0.14.0",
      "resolved": "https://registry.npmjs.org/esbuild-darwin-arm64/-/esbuild-darwin-arm64-0.14.0.tgz",
      "integrity": "sha512-hMbT5YiBrFL763mnwR9BqNtq9XtJgJRxYs7Ad++KUd+ZhMoVE0Rs/YLe1oor9uBGhHLqQsZuJ2dUHjCsfT/iDg==",
      "dev": true,
      "optional": true
    },
    "esbuild-freebsd-64": {
      "version": "0.14.0",
      "resolved": "https://registry.npmjs.org/esbuild-freebsd-64/-/esbuild-freebsd-64-0.14.0.tgz",
      "integrity": "sha512-mx68HRYIZo6ZiHbWk5Md+mDJoDw779yWkJQAaBnXwOkGbDeA3JmPZjp6IPfy2P+n3emK9z6g4pKiebp1tQGVoQ==",
      "dev": true,
      "optional": true
    },
    "esbuild-freebsd-arm64": {
      "version": "0.14.0",
      "resolved": "https://registry.npmjs.org/esbuild-freebsd-arm64/-/esbuild-freebsd-arm64-0.14.0.tgz",
      "integrity": "sha512-iM8u+zTagh0WGn2FTTxi7DII/ycVzYyuf2Df6eP2ZX+vlx2FjaduhagRkpyhjfmEyhfJOrYSAR5R1biNPcA+VA==",
      "dev": true,
      "optional": true
    },
    "esbuild-linux-32": {
      "version": "0.14.0",
      "resolved": "https://registry.npmjs.org/esbuild-linux-32/-/esbuild-linux-32-0.14.0.tgz",
      "integrity": "sha512-dWHotI2qlXWZyza7n85UubBj0asjpM7FTtQYDaRQKxoCJpCnSzq3aD55IJthiggZHXj2tAML9Bc5xjVLsBJR0w==",
      "dev": true,
      "optional": true
    },
    "esbuild-linux-64": {
      "version": "0.14.0",
      "resolved": "https://registry.npmjs.org/esbuild-linux-64/-/esbuild-linux-64-0.14.0.tgz",
      "integrity": "sha512-7buo31kp1/yKWPm9vU44FEUwkeIROrIgnCDV9KLMLSbOjGEHBZXYJ2L0p4ZnB7Z+m5YiW7F/AfJu0/1E87nOeQ==",
      "dev": true,
      "optional": true
    },
    "esbuild-linux-arm": {
      "version": "0.14.0",
      "resolved": "https://registry.npmjs.org/esbuild-linux-arm/-/esbuild-linux-arm-0.14.0.tgz",
      "integrity": "sha512-fgybXQwPRT4Io01+aD+yphcLOLRVGqbSdhvaDK3qBwqUvspFsq4QkI7PeeYpuQdBZWiRKLoi9v5r90l7JO/s+g==",
      "dev": true,
      "optional": true
    },
    "esbuild-linux-arm64": {
      "version": "0.14.0",
      "resolved": "https://registry.npmjs.org/esbuild-linux-arm64/-/esbuild-linux-arm64-0.14.0.tgz",
      "integrity": "sha512-9LBtCH2RkhDBwoAYksTtXljN6hlxxoL6a3ymNfXJG9JxFUQddOfhajXZdObFn/hgGkAFwx8dXqw+FnPm0FCzSg==",
      "dev": true,
      "optional": true
    },
    "esbuild-linux-mips64le": {
      "version": "0.14.0",
      "resolved": "https://registry.npmjs.org/esbuild-linux-mips64le/-/esbuild-linux-mips64le-0.14.0.tgz",
      "integrity": "sha512-Xz7soOqWeCWcLp15biPM08To+s0k1E/2q0pQZNQ+SY9S5H2vU4ujDXqKjxFc24G9CrOeUNEOXTkh+JldBGbTCA==",
      "dev": true,
      "optional": true
    },
    "esbuild-linux-ppc64le": {
      "version": "0.14.0",
      "resolved": "https://registry.npmjs.org/esbuild-linux-ppc64le/-/esbuild-linux-ppc64le-0.14.0.tgz",
      "integrity": "sha512-fuBXTyUaZKxpmp43Nf0M1uI1OmZv/COcME9PG7NQ/EniwC680Xj5xQFhEBDVnvQQ+6xOnXdfPSojJq7gQxrORQ==",
      "dev": true,
      "optional": true
    },
    "esbuild-netbsd-64": {
      "version": "0.14.0",
      "resolved": "https://registry.npmjs.org/esbuild-netbsd-64/-/esbuild-netbsd-64-0.14.0.tgz",
      "integrity": "sha512-pQaECTKr/iCXtn1qjwih+cvoZzbZ+P3NwLQo4uo/IesklbPTR5eF4d85L1vPFVgff+itBMxbbB7aoRznSglN3A==",
      "dev": true,
      "optional": true
    },
    "esbuild-openbsd-64": {
      "version": "0.14.0",
      "resolved": "https://registry.npmjs.org/esbuild-openbsd-64/-/esbuild-openbsd-64-0.14.0.tgz",
      "integrity": "sha512-HiaqQX9HMb9u3eYvKZ86+m/paQwASJSIjXiRTFpFusypjtU2NJqWb/LiRvhfmwC6rb7YHwCSPx+juSM7M+20bA==",
      "dev": true,
      "optional": true
    },
    "esbuild-sunos-64": {
      "version": "0.14.0",
      "resolved": "https://registry.npmjs.org/esbuild-sunos-64/-/esbuild-sunos-64-0.14.0.tgz",
      "integrity": "sha512-TkMQOSiSU3fHLV3M+OKUgLZt5L7TpcBcMRvtFw1cTxAnX8eT+1qkWVLiDM8ow1C3P7PW3bkGY3LW8vOs8o/jBA==",
      "dev": true,
      "optional": true
    },
    "esbuild-windows-32": {
      "version": "0.14.0",
      "resolved": "https://registry.npmjs.org/esbuild-windows-32/-/esbuild-windows-32-0.14.0.tgz",
      "integrity": "sha512-0h7E50JHgyLd7TkqSIH0VzBhngWspxPHuq/crDAMnh4s4tW8zWCMLIz2c1HVwHfZsh7d5+C4/yBaQeJTHXGvIA==",
      "dev": true,
      "optional": true
    },
    "esbuild-windows-64": {
      "version": "0.14.0",
      "resolved": "https://registry.npmjs.org/esbuild-windows-64/-/esbuild-windows-64-0.14.0.tgz",
      "integrity": "sha512-RxnovPOoQS5Id4mbdIUm96L0GIg+ZME4FthbErw1kZZabLi9eLp1gR3vSwkZXKbK8Z76uDkSW0EN74i1XWVpiQ==",
      "dev": true,
      "optional": true
    },
    "esbuild-windows-arm64": {
      "version": "0.14.0",
      "resolved": "https://registry.npmjs.org/esbuild-windows-arm64/-/esbuild-windows-arm64-0.14.0.tgz",
      "integrity": "sha512-66KsVlT6lGDWgDKQsAlojxgUhZkkjVeosMVRdb913OwtcOjszceg6zFD748jzp9CUgAseHCNJqFmYOyBzneSEQ==",
      "dev": true,
      "optional": true
    },
    "fast-glob": {
      "version": "3.2.12",
      "resolved": "https://registry.npmjs.org/fast-glob/-/fast-glob-3.2.12.tgz",
      "integrity": "sha512-DVj4CQIYYow0BlaelwK1pHl5n5cRSJfM60UA0zK891sVInoPri2Ekj7+e1CT3/3qxXenpI+nBBmQAcJPJgaj4w==",
      "requires": {
        "@nodelib/fs.stat": "^2.0.2",
        "@nodelib/fs.walk": "^1.2.3",
        "glob-parent": "^5.1.2",
        "merge2": "^1.3.0",
        "micromatch": "^4.0.4"
      }
    },
    "fastq": {
      "version": "1.13.0",
      "resolved": "https://registry.npmjs.org/fastq/-/fastq-1.13.0.tgz",
      "integrity": "sha512-YpkpUnK8od0o1hmeSc7UUs/eB/vIPWJYjKck2QKIzAf71Vm1AAQ3EbuZB3g2JIy+pg+ERD0vqI79KyZiB2e2Nw==",
      "requires": {
        "reusify": "^1.0.4"
      }
    },
    "fill-range": {
      "version": "7.0.1",
      "resolved": "https://registry.npmjs.org/fill-range/-/fill-range-7.0.1.tgz",
      "integrity": "sha512-qOo9F+dMUmC2Lcb4BbVvnKJxTPjCm+RRpe4gDuGrzkL7mEVl/djYSu2OdQ2Pa302N4oqkSg9ir6jaLWJ2USVpQ==",
      "requires": {
        "to-regex-range": "^5.0.1"
      }
    },
    "glob-parent": {
      "version": "5.1.2",
      "resolved": "https://registry.npmjs.org/glob-parent/-/glob-parent-5.1.2.tgz",
      "integrity": "sha512-AOIgSQCepiJYwP3ARnGx+5VnTu2HBYdzbGP45eLw1vr3zB3vZLeyed1sC9hnbcOc9/SrMyM5RPQrkGz4aS9Zow==",
      "requires": {
        "is-glob": "^4.0.1"
      }
    },
    "is-extglob": {
      "version": "2.1.1",
      "resolved": "https://registry.npmjs.org/is-extglob/-/is-extglob-2.1.1.tgz",
      "integrity": "sha512-SbKbANkN603Vi4jEZv49LeVJMn4yGwsbzZworEoyEiutsN3nJYdbO36zfhGJ6QEDpOZIFkDtnq5JRxmvl3jsoQ=="
    },
    "is-fullwidth-code-point": {
      "version": "3.0.0",
      "resolved": "https://registry.npmjs.org/is-fullwidth-code-point/-/is-fullwidth-code-point-3.0.0.tgz",
      "integrity": "sha512-zymm5+u+sCsSWyD9qNaejV3DFvhCKclKdizYaJUuHA83RLjb7nSuGnddCHGv0hk+KY7BMAlsWeK4Ueg6EV6XQg=="
    },
    "is-glob": {
      "version": "4.0.3",
      "resolved": "https://registry.npmjs.org/is-glob/-/is-glob-4.0.3.tgz",
      "integrity": "sha512-xelSayHH36ZgE7ZWhli7pW34hNbNl8Ojv5KVmkJD4hBdD3th8Tfk9vYasLM+mXWOZhFkgZfxhLSnrwRr4elSSg==",
      "requires": {
        "is-extglob": "^2.1.1"
      }
    },
    "is-mergeable-object": {
      "version": "1.1.0",
      "resolved": "https://registry.npmjs.org/is-mergeable-object/-/is-mergeable-object-1.1.0.tgz",
      "integrity": "sha512-JfyDDwUdtS4yHCgUpxOyKB9dnfZ0gecufxB0eytX6BmSXSE+8dbxDGt+V7CNRIRJ9sYFV/WQt2KJG6hNob2sBw=="
    },
    "is-number": {
      "version": "7.0.0",
      "resolved": "https://registry.npmjs.org/is-number/-/is-number-7.0.0.tgz",
      "integrity": "sha512-41Cifkg6e8TylSpdtTpeLVMqvSBEVzTttHvERD741+pnZ8ANv0004MRL43QKPDlK9cGvNp6NZWZUBlbGXYxxng=="
    },
    "lodash": {
      "version": "4.17.21",
      "resolved": "https://registry.npmjs.org/lodash/-/lodash-4.17.21.tgz",
      "integrity": "sha512-v2kDEe57lecTulaDIuNTPy3Ry4gLGJ6Z1O3vE1krgXZNrsQ+LFTGHVxVjcXPs17LhbZVGedAJv8XZ1tvj5FvSg=="
    },
    "merge2": {
      "version": "1.4.1",
      "resolved": "https://registry.npmjs.org/merge2/-/merge2-1.4.1.tgz",
      "integrity": "sha512-8q7VEgMJW4J8tcfVPy8g09NcQwZdbwFEqhe/WZkoIzjn/3TGDwtOCYtXGxA3O8tPzpczCCDgv+P2P5y00ZJOOg=="
    },
    "micromatch": {
      "version": "4.0.5",
      "resolved": "https://registry.npmjs.org/micromatch/-/micromatch-4.0.5.tgz",
      "integrity": "sha512-DMy+ERcEW2q8Z2Po+WNXuw3c5YaUSFjAO5GsJqfEl7UjvtIuFKO6ZrKvcItdy98dwFI2N1tg3zNIdKaQT+aNdA==",
      "requires": {
        "braces": "^3.0.2",
        "picomatch": "^2.3.1"
      }
    },
    "novel-segment": {
      "version": "2.7.98",
      "resolved": "https://registry.npmjs.org/novel-segment/-/novel-segment-2.7.98.tgz",
      "integrity": "sha512-AkS+1ohS4brtBy9SCd+tNL8lnquC39Kyjaj3oLE/UjryVFZoRUvsLEQKm2dYSKOj676zlq2Sr5QCDsPkySQnZw==",
      "requires": {
        "@bluelovers/fast-glob": "^3.0.4",
        "@lazy-cjk/zh-table-list": "^1.0.80",
        "@novel-segment/postag": "^1.0.19",
        "@novel-segment/stringify": "^1.0.7",
        "@novel-segment/table-blacklist": "^1.0.6",
        "@novel-segment/table-core-abstract": "^1.0.7",
        "@novel-segment/table-dict": "^1.0.7",
        "@novel-segment/table-stopword": "^1.0.6",
        "@novel-segment/table-synonym": "^1.0.6",
        "@novel-segment/types": "^1.0.8",
        "array-hyper-unique": "^2.0.8",
        "bluebird": "^3.7.2",
        "cjk-conv": "^1.2.139",
        "core-decorators": "^0.20.0",
        "crlf-normalize": "^1.0.12",
        "deepmerge-plus": "^2.1.3",
        "regexp-cjk": "^3.3.106",
        "segment-dict": "^2.3.181",
        "sort-object-keys2": "^2.0.3",
        "str-util": "^2.3.33",
        "ts-enum-util": "4.0.2",
        "ts-type": "^2.1.10",
        "tslib": ">=2",
        "uni-string": "^1.1.17"
      }
    },
    "picomatch": {
      "version": "2.3.1",
      "resolved": "https://registry.npmjs.org/picomatch/-/picomatch-2.3.1.tgz",
      "integrity": "sha512-JU3teHTNjmE2VCGFzuY8EXzCDVwEqB2a8fsIvwaStHhAWJEeVd1o1QD80CU6+ZdEXXSLbSsuLwJjkCBWqRQUVA=="
    },
    "queue-microtask": {
      "version": "1.2.3",
      "resolved": "https://registry.npmjs.org/queue-microtask/-/queue-microtask-1.2.3.tgz",
      "integrity": "sha512-NuaNSa6flKT5JaSYQzJok04JzTL1CA6aGhv5rfLW3PgqA+M2ChpZQnAC8h8i4ZFkBS8X5RqkDBHA7r4hej3K9A=="
    },
    "regexp-cjk": {
      "version": "3.3.107",
      "resolved": "https://registry.npmjs.org/regexp-cjk/-/regexp-cjk-3.3.107.tgz",
      "integrity": "sha512-wwHWfB8vZC+XQhlOP6rCEOcyx3zgkT9sBY2tz56I1g9ZCj64NOtM55/KWsSAvHrLUHGtJl8cOBLtL/ozKatuOQ==",
      "requires": {
        "@lazy-cjk/zh-table-list": "^1.0.81",
        "array-hyper-unique": "^2.1.4",
        "lodash": "^4.17.21",
        "regexp-helper": "^1.0.35",
        "regexp-parser-event": "^1.1.41",
        "regexp-parser-literal": "^1.1.34",
        "regexp-range": "^2.0.1",
        "tslib": ">=2"
      }
    },
    "regexp-helper": {
      "version": "1.0.35",
      "resolved": "https://registry.npmjs.org/regexp-helper/-/regexp-helper-1.0.35.tgz",
      "integrity": "sha512-THeJtZeA+AogrJmaIL4mSwAETo40RVRDDHOHwG5O+ZCu/IcRKIiTpfUuAPGCVlrwyXQfDGMP3CmMPv4973zN6Q==",
      "requires": {
        "regexp-helper-core": "^1.0.20",
        "regexp-support": "^1.0.47",
        "tslib": ">=2"
      }
    },
    "regexp-helper-core": {
      "version": "1.0.20",
      "resolved": "https://registry.npmjs.org/regexp-helper-core/-/regexp-helper-core-1.0.20.tgz",
      "integrity": "sha512-PbCsL+qc2L42JhnrFTTdTPxHEGpTIqQVE+bKmmce40zf4IsAd3zrjbPUp/0OTTjN9cLRcb7OaArrxAVDyU5IlA==",
      "requires": {
        "tslib": ">=2"
      }
    },
    "regexp-parser-event": {
      "version": "1.1.41",
      "resolved": "https://registry.npmjs.org/regexp-parser-event/-/regexp-parser-event-1.1.41.tgz",
      "integrity": "sha512-377mKk90BIyz/Pyt6re4l0npPkHXu0XoYE7blg7zSIYpEuwd+LIahn7eLP1St8/IjxvnQPE268j1DRJcDRF6mw==",
      "requires": {
        "array-hyper-unique": "^2.1.4",
        "regexp-parser-literal": "^1.1.34",
        "regexpp2": "^1.3.24",
        "ts-type": ">=2",
        "tslib": ">=2"
      }
    },
    "regexp-parser-literal": {
      "version": "1.1.34",
      "resolved": "https://registry.npmjs.org/regexp-parser-literal/-/regexp-parser-literal-1.1.34.tgz",
      "integrity": "sha512-nncMY9gYdrgD5JN6HCedzsTOdVc+VCCxaHkjO89bcyv7/HpJ5NI7MuQmFvVtZr77+jjEN3c2uYEOBQkR/Yt/Mg==",
      "requires": {
        "array-hyper-unique": "^2.1.4",
        "emoji-regex": "^10.2.1",
        "regexpp2": "^1.3.24",
        "tslib": ">=2",
        "uni-string": "^2.0.2"
      },
      "dependencies": {
        "uni-string": {
          "version": "2.0.2",
          "resolved": "https://registry.npmjs.org/uni-string/-/uni-string-2.0.2.tgz",
          "integrity": "sha512-YngGC1Sh79FAm1Haqa5dTDUmOEWrkLFlZO52FeleWFy8sZz4erIjABOELX5LEc625xTZv0mQsKziub0G1Gy4tA==",
          "requires": {
            "es6-class-prototype": "^2.0.0",
            "runes2": "^1.0.9"
          }
        }
      }
    },
    "regexp-range": {
      "version": "2.0.1",
      "resolved": "https://registry.npmjs.org/regexp-range/-/regexp-range-2.0.1.tgz",
      "integrity": "sha512-TmQsOJJs1bbo06jbFXWkQ9TzGn2tZf7tEp4AfoHBtbflsgXVMf/l9otqEqVlJqxjxRtfe5Zyz6UpC6A51wf0lQ==",
      "requires": {
        "@bluelovers/fill-range": "^7.0.2",
        "@lazy-cjk/regexp-range-table": "^1.0.1",
        "array-hyper-unique": "^2.1.4"
      }
    },
    "regexp-support": {
      "version": "1.0.47",
      "resolved": "https://registry.npmjs.org/regexp-support/-/regexp-support-1.0.47.tgz",
      "integrity": "sha512-ZT9enNgWcWMpkw0lh2PkmnZwoXpsmHa8x1qQOGIM+ZP7KIlqt0rUWm8oaeOuxROlfB/5Yje0euP2OsdhtLRyTA==",
      "requires": {
        "sort-object-keys2": "^3.0.4",
        "tslib": ">=2"
      },
      "dependencies": {
        "sort-object-keys2": {
          "version": "3.0.5",
          "resolved": "https://registry.npmjs.org/sort-object-keys2/-/sort-object-keys2-3.0.5.tgz",
          "integrity": "sha512-Q5fNSFbM4xXeTp1OtH62o67j+gzr2jPhZE0ES9bspDS26ScYfc2z5fL2vyRfVs947pkXCTS95Z/73lcbXuSJfg==",
          "requires": {
            "@lazy-array/util-unique": "^1.0.4"
          }
        }
      }
    },
    "regexpp2": {
      "version": "1.3.25",
      "resolved": "https://registry.npmjs.org/regexpp2/-/regexpp2-1.3.25.tgz",
      "integrity": "sha512-JA43R86BiLeaJSF97qUD3pntxGvMYhtcxAHSxdw/0PQxAAAgOOpgZRoP7FyCmKCeJ/KBQL+VpcV7FO7SuK2HBA==",
      "requires": {
        "tslib": ">=2"
      }
    },
    "reusify": {
      "version": "1.0.4",
      "resolved": "https://registry.npmjs.org/reusify/-/reusify-1.0.4.tgz",
      "integrity": "sha512-U9nH88a3fc/ekCF1l0/UP1IosiuIjyTh7hBvXVMHYgVcfGvt897Xguj2UOLDeI5BG2m7/uwyaLVT6fbtCwTyzw=="
    },
    "run-parallel": {
      "version": "1.2.0",
      "resolved": "https://registry.npmjs.org/run-parallel/-/run-parallel-1.2.0.tgz",
      "integrity": "sha512-5l4VyZR86LZ/lDxZTR6jqL8AFE2S0IFLMP26AbjsLVADxHdhB/c0GUsH+y39UfCi3dzz8OlQuPmnaJOMoDHQBA==",
      "requires": {
        "queue-microtask": "^1.2.2"
      }
    },
    "runes2": {
      "version": "1.0.9",
      "resolved": "https://registry.npmjs.org/runes2/-/runes2-1.0.9.tgz",
      "integrity": "sha512-hChv3gRFer2JaWrqhptiGkAYd5MExTY0G5ZMv17mVciAh9RIuvgwV4pjaxWN4PXTzITW3bqgnM/eZd/nZR27RQ=="
    },
    "segment-dict": {
      "version": "2.3.181",
      "resolved": "https://registry.npmjs.org/segment-dict/-/segment-dict-2.3.181.tgz",
      "integrity": "sha512-j1weaIuNvmxF956cfIdVaCjQFunsy3zz8MKKBs3GDJ16ZqEGJdx1kB6ai3lTohDn4N6Nrt0NtMAGHgkpBRqoHg==",
      "requires": {
        "@bluelovers/fast-glob": "^3.0.4",
        "@novel-segment/dict-loader-core": "^1.0.18",
        "@novel-segment/loader-stopword": "^1.0.18",
        "@novel-segment/loaders": "^1.0.35",
        "@novel-segment/stream-loader-core": "^1.0.21",
        "@novel-segment/util": "^1.0.64",
        "bluebird": "^3.7.2",
        "core-decorators": "^0.20.0",
        "crlf-normalize": "^1.0.12",
        "tslib": ">=2"
      }
    },
    "sort-object-keys2": {
      "version": "2.0.3",
      "resolved": "https://registry.npmjs.org/sort-object-keys2/-/sort-object-keys2-2.0.3.tgz",
      "integrity": "sha512-iqhaVnv8sw6Gsj91Zdzyk2VJ7/Qt8XU3MfmOvHfLUISqswA51Ddi2Q44lVwLeGtxNGQ9qKvJpHRjcZvlQJ6srg=="
    },
    "split2": {
      "version": "4.1.0",
      "resolved": "https://registry.npmjs.org/split2/-/split2-4.1.0.tgz",
      "integrity": "sha512-VBiJxFkxiXRlUIeyMQi8s4hgvKCSjtknJv/LVYbrgALPwf5zSKmEwV9Lst25AkvMDnvxODugjdl6KZgwKM1WYQ=="
    },
    "str-util": {
      "version": "2.3.36",
      "resolved": "https://registry.npmjs.org/str-util/-/str-util-2.3.36.tgz",
      "integrity": "sha512-w+qOYGsoSp85N9gALWPbHf2fqn1o38QMFWfZulYBi+Ak9uYiQLbtZjmOy+cqQmtkxmYi8kl0n0FcTfze0CGN4Q==",
      "requires": {
        "@lazy-cjk/japanese": "^1.2.27",
        "chinese-parseint2": "^2.0.2",
        "cjk-conv": ">=1",
        "deepmerge": "^4.2.2",
        "is-fullwidth-code-point": "<4 >=3",
        "strip-ansi": "<7 >=6",
        "tslib": "^2",
        "uni-string": "^2.0.2"
      },
      "dependencies": {
        "uni-string": {
          "version": "2.0.2",
          "resolved": "https://registry.npmjs.org/uni-string/-/uni-string-2.0.2.tgz",
          "integrity": "sha512-YngGC1Sh79FAm1Haqa5dTDUmOEWrkLFlZO52FeleWFy8sZz4erIjABOELX5LEc625xTZv0mQsKziub0G1Gy4tA==",
          "requires": {
            "es6-class-prototype": "^2.0.0",
            "runes2": "^1.0.9"
          }
        }
      }
    },
    "stream-pipe": {
      "version": "1.0.4",
      "resolved": "https://registry.npmjs.org/stream-pipe/-/stream-pipe-1.0.4.tgz",
      "integrity": "sha512-B60m1SSbH4yc7CTRj46hIu7/iDboTdurqEpXgzMxZMClTl2VCegn1lMr7OK0MTnRR3ziFpr7z5t15xUP31cqlw==",
      "requires": {
        "tslib": "^2.3.0"
      }
    },
    "string-natural-compare2": {
      "version": "3.0.1",
      "resolved": "https://registry.npmjs.org/string-natural-compare2/-/string-natural-compare2-3.0.1.tgz",
      "integrity": "sha512-2g5OCprlirAeevzB1hmxas7fFhXQpAH12uJrU7/+DSSk+KRw6hO9h+XW5CwFjnzxa0FRNYvrGtb0WvXDjEME5g=="
    },
    "strip-ansi": {
      "version": "6.0.1",
      "resolved": "https://registry.npmjs.org/strip-ansi/-/strip-ansi-6.0.1.tgz",
      "integrity": "sha512-Y38VPSHcqkFrCpFnQ9vuSXmquuv5oXOKpGeT6aGrr3o3Gc9AlVa6JBfUSOCnbxGGZF+/0ooI7KrPuUSztUdU5A==",
      "requires": {
        "ansi-regex": "^5.0.1"
      }
    },
    "to-regex-range": {
      "version": "5.0.1",
      "resolved": "https://registry.npmjs.org/to-regex-range/-/to-regex-range-5.0.1.tgz",
      "integrity": "sha512-65P7iz6X5yEr1cwcgvQxbbIw7Uk3gOy5dIdtZ4rDveLqhrdJP+Li/Hx6tyK0NEb+2GCyneCMJiGqrADCSNk8sQ==",
      "requires": {
        "is-number": "^7.0.0"
      }
    },
    "ts-enum-util": {
      "version": "4.0.2",
      "resolved": "https://registry.npmjs.org/ts-enum-util/-/ts-enum-util-4.0.2.tgz",
      "integrity": "sha512-BB5qjvHYgYgOB/CaoA1Cy/B2QNnZ+nVBrJ15VV/AXGWx+AO83k5wgeLOJvkSLoKKavvH/M8Wj4ZbgROjsuYwzw=="
    },
    "ts-type": {
      "version": "2.1.10",
      "resolved": "https://registry.npmjs.org/ts-type/-/ts-type-2.1.10.tgz",
      "integrity": "sha512-cung450P5HbC+xTimzw8DcFqP4MjxH3aCt2m6IZMs0aMatEOIasPmtECKK1WChg9j/wB8U5zYFCRHcS6xmdSNw==",
      "requires": {
        "tslib": "^2",
        "typedarray-dts": "^1.0.0"
      }
    },
    "tslib": {
      "version": "2.4.0",
      "resolved": "https://registry.npmjs.org/tslib/-/tslib-2.4.0.tgz",
      "integrity": "sha512-d6xOpEDfsi2CZVlPQzGeux8XMwLT9hssAsaPYExaQMuYskwb+x1x7J371tWlbBdWHroy99KnVB6qIkUbs5X3UQ=="
    },
    "type-detect": {
      "version": "4.0.8",
      "resolved": "https://registry.npmjs.org/type-detect/-/type-detect-4.0.8.tgz",
      "integrity": "sha512-0fr/mIH1dlO+x7TlcMy+bIDqKPsw/70tVyeHW787goQjhmqaZe10uwLujubK9q9Lg6Fiho1KUKDYz0Z7k7g5/g=="
    },
    "typedarray-dts": {
      "version": "1.0.0",
      "resolved": "https://registry.npmjs.org/typedarray-dts/-/typedarray-dts-1.0.0.tgz",
      "integrity": "sha512-Ka0DBegjuV9IPYFT1h0Qqk5U4pccebNIJCGl8C5uU7xtOs+jpJvKGAY4fHGK25hTmXZOEUl9Cnsg5cS6K/b5DA=="
    },
    "typescript": {
      "version": "4.5.2",
      "resolved": "https://registry.npmjs.org/typescript/-/typescript-4.5.2.tgz",
      "integrity": "sha512-5BlMof9H1yGt0P8/WF+wPNw6GfctgGjXp5hkblpyT+8rkASSmkUKMXrxR0Xg8ThVCi/JnHQiKXeBaEwCeQwMFw==",
      "dev": true
    },
    "uni-string": {
      "version": "1.1.17",
      "resolved": "https://registry.npmjs.org/uni-string/-/uni-string-1.1.17.tgz",
      "integrity": "sha512-UYRjuGrTqhOix9HcsUvQPvJYWYgmsOdN5HGQfnnEHPYsYqdtVblsBGJU3RIUWr0QSaqrRGG28R+YAhH1v9ggoQ==",
      "requires": {
        "es6-class-prototype": "^1.0.4",
        "runes2": "^1.0.7",
        "tslib": "^2"
      },
      "dependencies": {
        "class-proxy": {
          "version": "1.1.2",
          "resolved": "https://registry.npmjs.org/class-proxy/-/class-proxy-1.1.2.tgz",
          "integrity": "sha512-kowpC1EGn0b5ZxOMbF8f7IO03gg6dtI1rwBIHMfG5dEAeOVpZpukN9cT4K9cxv+IG8JihVdsqPr0V5bitB+pqQ=="
        },
        "es6-class-prototype": {
          "version": "1.0.4",
          "resolved": "https://registry.npmjs.org/es6-class-prototype/-/es6-class-prototype-1.0.4.tgz",
          "integrity": "sha512-w772noDRF8U+iSsg+wesXRNP61bMbKzky8JAvYEtQOI/DptYMN5cnNnGnjERGXoB+uPrhATbPz/wx7YCRwrpiA==",
          "requires": {
            "class-proxy": "^1.1.2"
          }
        }
      }
    }
  }
}
