{
  "name": "@baranwang/pinyin",
  "version": "1.6.21",
  "lockfileVersion": 1,
  "requires": true,
  "dependencies": {
    "@bluelovers/fast-glob": {
      "version": "3.0.4",
      "resolved": "https://registry.npmjs.org/@bluelovers/fast-glob/-/fast-glob-3.0.4.tgz",
      "integrity": "sha512-djAOOjDWXolYArm5NXxOIX7Q7OGhAaRtMs5F968OxelWkMUU6PyU6tS66CFykVON4U5y8jXcsnVAFCaeuf1nEA==",
      "requires": {
        "bluebird": "^3",
        "fast-glob": "^3"
      }
    },
    "@bluelovers/fill-range": {
      "version": "7.0.2",
      "resolved": "https://registry.npmjs.org/@bluelovers/fill-range/-/fill-range-7.0.2.tgz",
      "integrity": "sha512-KBuuuw6L/FoRUEhgpwM3z5wJ2Zo4ociL5hb7D/B4LDhe5U0Z3CL53i1+c1fcUXx1wExLyA77wtvzK5j+qEigyw==",
      "requires": {
        "@bluelovers/to-regex-range2": "^5.0.1"
      }
    },
    "@bluelovers/string-natural-compare": {
      "version": "2.0.11",
      "resolved": "https://registry.npmjs.org/@bluelovers/string-natural-compare/-/string-natural-compare-2.0.11.tgz",
      "integrity": "sha512-k2KanWgqg6scH37zI7xd/5jFdFWg+V6Z9P1sl3RxrA855AFLbcFeAJMGMN8Dop547MUh5Tq3KKVttvE8DY5yUA==",
      "requires": {
        "string-natural-compare2": "^3.0.1"
      }
    },
    "@bluelovers/to-regex-range2": {
      "version": "5.0.1",
      "resolved": "https://registry.npmjs.org/@bluelovers/to-regex-range2/-/to-regex-range2-5.0.1.tgz",
      "integrity": "sha512-0fVn7EqIBAZjlnyzz87E5JUs0H+4KwW/i2RVzWRbcjb+xBxD0TIvRGUYGrfvb5eiQf0cuJn4F/zkTmd0cgrA0g==",
      "requires": {
        "@lazy-assert/check-basic": "^1.0.8"
      }
    },
    "@lazy-array/util-unique": {
      "version": "1.0.4",
      "resolved": "https://registry.npmjs.org/@lazy-array/util-unique/-/util-unique-1.0.4.tgz",
      "integrity": "sha512-zSffxqZZ8VhO068JG+HlYaUJC5ciCdyJnuUYysntTObrwLsA5bS+A09vhSVZ/On8ft+bOMYoAhAZOTw9Y0q70g=="
    },
    "@lazy-assert/check-basic": {
      "version": "1.0.12",
      "resolved": "https://registry.npmjs.org/@lazy-assert/check-basic/-/check-basic-1.0.12.tgz",
      "integrity": "sha512-Zttg9K7CBNcNlGDM+AQ9rqschYJ0c8tvJ/35iBuiqefZ9RuaW9C1Ww0AGgp9MVLL/h1/uBbY6CDuz+VRzCDDAg=="
    },
    "@lazy-cjk/japanese": {
      "version": "1.2.33",
      "resolved": "https://registry.npmjs.org/@lazy-cjk/japanese/-/japanese-1.2.33.tgz",
      "integrity": "sha512-n5M/eL6QQd1i/JH3cZ4L2Z3WkeNOXfIUlLt21Zvi4o1YGpth2Nf4OLVuPp/SwYYOpFfaN6JT9YkJ49ZOuIAKgA==",
      "requires": {
        "big.js": "^6.2.1",
        "lodash": "^4.17.21",
        "tslib": ">=2"
      }
    },
    "@lazy-cjk/jp-table-alias": {
      "version": "1.0.41",
      "resolved": "https://registry.npmjs.org/@lazy-cjk/jp-table-alias/-/jp-table-alias-1.0.41.tgz",
      "integrity": "sha512-Sv0vw0JhJqtYEhF5HgQVQ+eSRSejFCUdcHEafstaMCQ3juVaVSfe6b4LOj339+rucUEduBznnMy6LqXMp7MJ7A==",
      "requires": {
        "@lazy-cjk/jp-table-convert": "^1.0.46",
        "array-hyper-unique": "^2.1.4",
        "tslib": ">=2"
      }
    },
    "@lazy-cjk/jp-table-comparison": {
      "version": "1.0.29",
      "resolved": "https://registry.npmjs.org/@lazy-cjk/jp-table-comparison/-/jp-table-comparison-1.0.29.tgz",
      "integrity": "sha512-yy+KrAk9ORhjJHB3VOWiQ/Wrx+CGP2PwCjixqRuw7xU1v2p8QRSiDAcPvh1FX+ObD/fenRq09NMEAw3X8pJlJg==",
      "requires": {
        "array-hyper-unique": "^2.1.4",
        "tslib": ">=2"
      }
    },
    "@lazy-cjk/jp-table-convert": {
      "version": "1.0.46",
      "resolved": "https://registry.npmjs.org/@lazy-cjk/jp-table-convert/-/jp-table-convert-1.0.46.tgz",
      "integrity": "sha512-VhOGMBm1WGh0rUNCwJmVKPIuXVV5KcOqvynrwZUm7HJ6zsccNDPR7PsxFX0L5uS0xC7JdKgjlr2WrmgzY5lXGA==",
      "requires": {
        "@lazy-cjk/jp-table-comparison": "^1.0.29",
        "regexp-helper": "^1.0.37",
        "tslib": ">=2",
        "uni-string": "^2.0.2"
      }
    },
    "@lazy-cjk/jp-table-voice": {
      "version": "1.0.37",
      "resolved": "https://registry.npmjs.org/@lazy-cjk/jp-table-voice/-/jp-table-voice-1.0.37.tgz",
      "integrity": "sha512-v1fnb1gBsjJ6fm2dQdFflH9gfQimg8tD6MoIpqlgaAiOTMtLina+MnmFoIw39WZp1ARiHAXqvO4Z6DgZRmp+2g==",
      "requires": {
        "array-hyper-unique": "^2.1.4",
        "ts-type": ">=2",
        "tslib": ">=2"
      }
    },
    "@lazy-cjk/novel-filename": {
      "version": "1.0.50",
      "resolved": "https://registry.npmjs.org/@lazy-cjk/novel-filename/-/novel-filename-1.0.50.tgz",
      "integrity": "sha512-msjq8cXWGz8VZVGW5TR5+1MfH6RN73NZzPmv6yfzAZ04TJsQqAy0qvkRfl9oGYfxdIoly7tzq0TSf81VKh40Xg==",
      "requires": {
        "@lazy-cjk/jp-table-convert": "^1.0.46",
        "@lazy-cjk/zh-convert": "^1.0.48",
        "tslib": ">=2"
      }
    },
    "@lazy-cjk/regexp-range-table": {
      "version": "1.0.4",
      "resolved": "https://registry.npmjs.org/@lazy-cjk/regexp-range-table/-/regexp-range-table-1.0.4.tgz",
      "integrity": "sha512-Awt1XSFQQjxEgHORhJPkMfbPpxs2cvQXDFXqpK0fXYy3OyhJDUzZMS8wEWhf208kbbMefEWmVtbC2T2E+GagvQ=="
    },
    "@lazy-cjk/static-build-zh-convert": {
      "version": "1.0.51",
      "resolved": "https://registry.npmjs.org/@lazy-cjk/static-build-zh-convert/-/static-build-zh-convert-1.0.51.tgz",
      "integrity": "sha512-COEoNSL/wX08D2Epf8sItnSMFA9t2/imYJM5N+sglLY0sWaWM9T/bNcBAQTpLggslmylUX/IOZ14XxbJjkmzPg==",
      "requires": {
        "tslib": ">=2"
      }
    },
    "@lazy-cjk/util": {
      "version": "1.0.18",
      "resolved": "https://registry.npmjs.org/@lazy-cjk/util/-/util-1.0.18.tgz",
      "integrity": "sha512-5Hxm60wBaulhBQmOeAOdvNky/BRTckeo/nZFS/SwOr9mPdczn6NHn4Nqbk4XMqZCvBbOBFnren85MKo5y/UsbQ==",
      "requires": {
        "tslib": ">=2",
        "uni-string": "^2.0.2"
      }
    },
    "@lazy-cjk/zh-convert": {
      "version": "1.0.48",
      "resolved": "https://registry.npmjs.org/@lazy-cjk/zh-convert/-/zh-convert-1.0.48.tgz",
      "integrity": "sha512-yRf5K24JAtpysXYloI4FhLmzcdbDleR5T25/H7QHoz+Qx+lj86/Bf1Ta9mLnElv9liFgE0RWGEeppKs5rZqQzA==",
      "requires": {
        "@lazy-cjk/static-build-zh-convert": "^1.0.51",
        "array-hyper-unique": "^2.1.4",
        "regexp-helper": "^1.0.37",
        "tslib": ">=2",
        "uni-string": "^2.0.2"
      }
    },
    "@lazy-cjk/zh-convert-table": {
      "version": "1.0.23",
      "resolved": "https://registry.npmjs.org/@lazy-cjk/zh-convert-table/-/zh-convert-table-1.0.23.tgz",
      "integrity": "sha512-73kuMrTkwSEWeFI0ZI57JdIDBieh+yXk6s1A9NMBf1tgGnV2DR8c+BMVTalVDbhx8Skyh69iXawdP7/aeElfyw==",
      "requires": {
        "tslib": ">=2"
      }
    },
    "@lazy-cjk/zh-slugify": {
      "version": "1.0.86",
      "resolved": "https://registry.npmjs.org/@lazy-cjk/zh-slugify/-/zh-slugify-1.0.86.tgz",
      "integrity": "sha512-P/xjZTsQYfCIv9qH6hlLvkuYxI3tpDVT9gPQ52+NkJrQyORZiJub+z4mmqBHf/ZXgo/+ZVeKzo8UCp6YT0LCUQ==",
      "requires": {
        "@lazy-cjk/zh-table-greedy": "^1.0.90",
        "@lazy-cjk/zh-table-list": "^1.0.84",
        "tslib": ">=2"
      }
    },
    "@lazy-cjk/zh-table-alias": {
      "version": "1.0.62",
      "resolved": "https://registry.npmjs.org/@lazy-cjk/zh-table-alias/-/zh-table-alias-1.0.62.tgz",
      "integrity": "sha512-ppNQ4VGP+zaBGUGvXPeLANc8zy6Yi9r3pzVySB+ypy+n3C43QOpJJoWtIvEuKfmFGju4ZKO6CucCwEnf9U3mwQ==",
      "requires": {
        "@lazy-cjk/jp-table-alias": "^1.0.41",
        "@lazy-cjk/zh-convert": "^1.0.48",
        "array-hyper-unique": "^2.1.4",
        "deepmerge-plus": "^2.1.3",
        "ts-type": ">=2",
        "tslib": ">=2"
      }
    },
    "@lazy-cjk/zh-table-greedy": {
      "version": "1.0.90",
      "resolved": "https://registry.npmjs.org/@lazy-cjk/zh-table-greedy/-/zh-table-greedy-1.0.90.tgz",
      "integrity": "sha512-ktk6dH9yuGPJEmEZtliYCNALbKO6jfmXjSFabnF1hgNW/uk2rg5r5nydyFXa4rECclSbk88xT0sXe2cBTOf30A==",
      "requires": {
        "array-hyper-unique": "^2.1.4",
        "tslib": ">=2",
        "uni-string": "^2.0.2"
      }
    },
    "@lazy-cjk/zh-table-list": {
      "version": "1.0.84",
      "resolved": "https://registry.npmjs.org/@lazy-cjk/zh-table-list/-/zh-table-list-1.0.84.tgz",
      "integrity": "sha512-xzzQf2rDSmovYT98gHTN2LXGITsy1NNIbu6Klp2zC2Tk0SjeUcRhMxJjVWQUtXBbBQ3UlSZKrTvutpRFjVja0g==",
      "requires": {
        "@lazy-cjk/jp-table-convert": "^1.0.46",
        "@lazy-cjk/zh-convert": "^1.0.48",
        "@lazy-cjk/zh-table-alias": "^1.0.62",
        "@lazy-cjk/zh-table-greedy": "^1.0.90",
        "tslib": ">=2",
        "uni-string": "^2.0.2"
      }
    },
    "@nodelib/fs.scandir": {
      "version": "2.1.5",
      "resolved": "https://registry.npmjs.org/@nodelib/fs.scandir/-/fs.scandir-2.1.5.tgz",
      "integrity": "sha512-vq24Bq3ym5HEQm2NKCr3yXDwjc7vTsEThRDnkp2DK9p1uqLR+DHurm/NOTo0KG7HYHU7eppKZj3MyqYuMBf62g==",
      "requires": {
        "@nodelib/fs.stat": "2.0.5",
        "run-parallel": "^1.1.9"
      }
    },
    "@nodelib/fs.stat": {
      "version": "2.0.5",
      "resolved": "https://registry.npmjs.org/@nodelib/fs.stat/-/fs.stat-2.0.5.tgz",
      "integrity": "sha512-RkhPPp2zrqDAQA/2jNhnztcPAlv64XdhIp7a7454A5ovI7Bukxgt7MX7udwAu3zg1DcpPU0rz3VV1SeaqvY4+A=="
    },
    "@nodelib/fs.walk": {
      "version": "1.2.8",
      "resolved": "https://registry.npmjs.org/@nodelib/fs.walk/-/fs.walk-1.2.8.tgz",
      "integrity": "sha512-oGB+UxlgWcgQkgwo8GcEGwemoTFt3FIO9ababBmaGwXIoBKZ+GTy0pP185beGg7Llih/NSHSV2XAs1lnznocSg==",
      "requires": {
        "@nodelib/fs.scandir": "2.1.5",
        "fastq": "^1.6.0"
      }
    },
    "@novel-segment/dict-loader-core": {
      "version": "1.0.30",
      "resolved": "https://registry.npmjs.org/@novel-segment/dict-loader-core/-/dict-loader-core-1.0.30.tgz",
      "integrity": "sha512-dMOMpUGtgEdNml9Udg6ioXtYg+jF+2u9fRomwGZ8RyUyBg3JDxZJRLwx1rZTyueIst+7j65oPXFJVECOzorw6g==",
      "requires": {
        "bluebird": "^3.7.2",
        "core-decorators": "^0.20.0",
        "crlf-normalize": "^1.0.19",
        "tslib": ">=2"
      }
    },
    "@novel-segment/loader-line": {
      "version": "1.0.33",
      "resolved": "https://registry.npmjs.org/@novel-segment/loader-line/-/loader-line-1.0.33.tgz",
      "integrity": "sha512-SiU6xWOlEsLBmIuhTwqYYZvkbpmb6OwA8VvsZi1TRTzLBYLgot0MRdxiCHEp5qsKiH0Q00L7xKAz0LO56wo5fQ==",
      "requires": {
        "@novel-segment/dict-loader-core": "^1.0.30",
        "tslib": ">=2"
      }
    },
    "@novel-segment/loader-stopword": {
      "version": "1.0.30",
      "resolved": "https://registry.npmjs.org/@novel-segment/loader-stopword/-/loader-stopword-1.0.30.tgz",
      "integrity": "sha512-7tg0Du9GYirVvVA+BRoQ5EpwgY6RnSrH2dVwIEbaILPdlr/+K6QWSox1QG7+QFj5fnQfIKiveEJdgm+xF1CncA==",
      "requires": {
        "@novel-segment/dict-loader-core": "^1.0.30",
        "tslib": ">=2"
      }
    },
    "@novel-segment/loaders": {
      "version": "1.0.49",
      "resolved": "https://registry.npmjs.org/@novel-segment/loaders/-/loaders-1.0.49.tgz",
      "integrity": "sha512-Lhu8rABCuyUZO+/UtpSCoy0xt5BUPTJsIVdXIvi7HvTkvyQtV/DK8NbTQ+9o4Oe7G1RzN10vb1LQtgNNBMhlXw==",
      "requires": {
        "@novel-segment/dict-loader-core": "^1.0.30",
        "@novel-segment/loader-line": "^1.0.33",
        "@novel-segment/loader-stopword": "^1.0.30",
        "@novel-segment/stream-loader-core": "^1.0.26",
        "@novel-segment/types": "^1.0.13",
        "tslib": ">=2"
      }
    },
    "@novel-segment/postag": {
      "version": "1.0.28",
      "resolved": "https://registry.npmjs.org/@novel-segment/postag/-/postag-1.0.28.tgz",
      "integrity": "sha512-uJo9/oK8rftaoEGCEVX4jWbQ714n5fGzU/F2C7UoFgAte7ILZ0XnCa48wjXDVxvNbVjNYh/fzy3G+NC3X1bbtw==",
      "requires": {
        "ts-enum-util": "^4.0.2",
        "ts-type": "^3.0.1",
        "tslib": ">=2"
      }
    },
    "@novel-segment/stream-loader-core": {
      "version": "1.0.26",
      "resolved": "https://registry.npmjs.org/@novel-segment/stream-loader-core/-/stream-loader-core-1.0.26.tgz",
      "integrity": "sha512-BcdU7plXA3WhSw9SHso9Q+jGvGx3ORRjHJugRxRXZ5GbYgrrjVof0nEhPvlZzq7Djp7y5vhobavMXCY8uOcaqw==",
      "requires": {
        "bluebird": "^3.7.2",
        "split2": "^4.2.0",
        "stream-pipe": "^1.0.4",
        "tslib": ">=2"
      }
    },
    "@novel-segment/stringify": {
      "version": "1.0.16",
      "resolved": "https://registry.npmjs.org/@novel-segment/stringify/-/stringify-1.0.16.tgz",
      "integrity": "sha512-JmLB9prIqUe9DIXjK0+2fIk75TkZ9cFOiuTWNMI46RKwoMyQBF8kv9EgFGhImon9rdc2Dbv+83x+cLawpFEkKA==",
      "requires": {
        "@novel-segment/types": "^1.0.13",
        "ts-type": "^3.0.1"
      }
    },
    "@novel-segment/table-blacklist": {
      "version": "1.0.15",
      "resolved": "https://registry.npmjs.org/@novel-segment/table-blacklist/-/table-blacklist-1.0.15.tgz",
      "integrity": "sha512-7Bqg35LXl++DiJHGxnnf9s1l5dPkbRn+B9NYB0UHDHJ0hvbsDpMya6bXlT751C78t2PuxU4bAoEr4E+Ova410Q==",
      "requires": {
        "@novel-segment/table-line": "^1.0.18"
      }
    },
    "@novel-segment/table-core-abstract": {
      "version": "1.0.18",
      "resolved": "https://registry.npmjs.org/@novel-segment/table-core-abstract/-/table-core-abstract-1.0.18.tgz",
      "integrity": "sha512-r6gRQE6fdB8qVDKadgxA8eEikkk55gVVWwJfBkemKANbjOXN+XDGTAAep8VhTcmGoRBrr5oNKkwF+eN1T1EVYA==",
      "requires": {
        "@novel-segment/loaders": "^1.0.49",
        "@novel-segment/types": "^1.0.13",
        "lodash": "^4.17.21",
        "ts-type": "^3.0.1"
      }
    },
    "@novel-segment/table-dict": {
      "version": "1.0.18",
      "resolved": "https://registry.npmjs.org/@novel-segment/table-dict/-/table-dict-1.0.18.tgz",
      "integrity": "sha512-Z36K2GmxqzziL8A6OBqUrqvVA64r4WSsrYtPih+q4aRZpHDIbX9LTBYFn+B3UgvgpR2GK+4NAey2mZ/EPUOLYg==",
      "requires": {
        "@lazy-cjk/zh-table-list": "^1.0.84",
        "@novel-segment/loaders": "^1.0.49",
        "@novel-segment/table-core-abstract": "^1.0.18"
      }
    },
    "@novel-segment/table-line": {
      "version": "1.0.18",
      "resolved": "https://registry.npmjs.org/@novel-segment/table-line/-/table-line-1.0.18.tgz",
      "integrity": "sha512-UvjbgZehekm33rLiXncTSWM8faFL52Gxab5h9jUhT+i4rt0YwKzMMBJfuLtQMNybW2HcQfslDK1d/bEBPCWc3Q==",
      "requires": {
        "@novel-segment/loader-line": "^1.0.33",
        "@novel-segment/table-core-abstract": "^1.0.18",
        "lodash": "^4.17.21"
      }
    },
    "@novel-segment/table-stopword": {
      "version": "1.0.15",
      "resolved": "https://registry.npmjs.org/@novel-segment/table-stopword/-/table-stopword-1.0.15.tgz",
      "integrity": "sha512-FiorpJZkaOjkGLkrhdL0XxCNiPQDiYTCkW+oNfCO7O4XFEGnl+3sTstLWQWGFbEpw863fJuP3jZvCdnyXKq8uA==",
      "requires": {
        "@novel-segment/table-line": "^1.0.18"
      }
    },
    "@novel-segment/table-synonym": {
      "version": "1.0.15",
      "resolved": "https://registry.npmjs.org/@novel-segment/table-synonym/-/table-synonym-1.0.15.tgz",
      "integrity": "sha512-Tg7/R7kwg+Unol3fMwXOayJv8iz0c5IHGGJPJqBaCvTtnSMUHAwGpRxeMbcjtMjVTPpm6pGLIpQnCDX4FW801w==",
      "requires": {
        "@novel-segment/table-synonym-pangu": "^1.0.18"
      }
    },
    "@novel-segment/table-synonym-pangu": {
      "version": "1.0.18",
      "resolved": "https://registry.npmjs.org/@novel-segment/table-synonym-pangu/-/table-synonym-pangu-1.0.18.tgz",
      "integrity": "sha512-SrkFJMShGNfFVs8yqJYp0lQ1E+mgtHS+kvtDjvr63XVeTiprGOC3TuLWGWVC579/6xkOfKDsgWrgYmsMCrNgfw==",
      "requires": {
        "@novel-segment/table-core-abstract": "^1.0.18"
      }
    },
    "@novel-segment/types": {
      "version": "1.0.13",
      "resolved": "https://registry.npmjs.org/@novel-segment/types/-/types-1.0.13.tgz",
      "integrity": "sha512-EX7bL9mvhyqd8/n2VmZDQicP7bi/eIQVxtOd8APeUpHKCf1/F4LlPs6Wa6MzXDYKY1JONts7Z9mW2WiPErD3Vw=="
    },
    "@novel-segment/util": {
      "version": "1.0.75",
      "resolved": "https://registry.npmjs.org/@novel-segment/util/-/util-1.0.75.tgz",
      "integrity": "sha512-0MVZHisdyMW0RVAy3xheUvwtfhaTbsR9oZj+jeJVzVyJ5LxIja7x05oJQFR1QGkhosCAjZaQ8bCgDS8jA67wAQ==",
      "requires": {
        "@bluelovers/string-natural-compare": "^2.0.11",
        "regexp-helper": "^1.0.37",
        "tslib": ">=2"
      }
    },
    "@types/node": {
      "version": "16.11.10",
      "resolved": "https://registry.npmjs.org/@types/node/-/node-16.11.10.tgz",
      "integrity": "sha512-3aRnHa1KlOEEhJ6+CvyHKK5vE9BcLGjtUpwvqYLRvYNQKMfabu3BwfJaA/SLW8dxe28LsNDjtHwePTuzn3gmOA=="
    },
    "ansi-regex": {
      "version": "5.0.1",
      "resolved": "https://registry.npmjs.org/ansi-regex/-/ansi-regex-5.0.1.tgz",
      "integrity": "sha512-quJQXlTSUGL2LH9SUXo8VwsY4soanhgo6LNSm84E1LBcE8s3O0wpdiRzyR9z/ZZJMlMWv37qOOb9pdJlMUEKFQ=="
    },
    "array-hyper-unique": {
      "version": "2.1.4",
      "resolved": "https://registry.npmjs.org/array-hyper-unique/-/array-hyper-unique-2.1.4.tgz",
      "integrity": "sha512-RVsGx2YpFGhGpgdkK7A0VjFQecVUCowpkQerGCsyXVRXHxccAlPPTDt9ueF/X7Zq/6z6duZ49i9WzTCzcnQygQ==",
      "requires": {
        "deep-eql": "= 4.0.0",
        "lodash": "^4.17.21"
      }
    },
    "big.js": {
      "version": "6.2.1",
      "resolved": "https://registry.npmjs.org/big.js/-/big.js-6.2.1.tgz",
      "integrity": "sha512-bCtHMwL9LeDIozFn+oNhhFoq+yQ3BNdnsLSASUxLciOb1vgvpHsIO1dsENiGMgbb4SkP5TrzWzRiLddn8ahVOQ=="
    },
    "bluebird": {
      "version": "3.7.2",
      "resolved": "https://registry.npmjs.org/bluebird/-/bluebird-3.7.2.tgz",
      "integrity": "sha512-XpNj6GDQzdfW+r2Wnn7xiSAd7TM3jzkxGXBGTtWKuSXv1xUV+azxAm8jdWZN06QTQk+2N2XB9jRDkvbmQmcRtg=="
    },
    "braces": {
      "version": "3.0.2",
      "resolved": "https://registry.npmjs.org/braces/-/braces-3.0.2.tgz",
      "integrity": "sha512-b8um+L1RzM3WDSzvhm6gIz1yfTbBt6YTlcEKAvsmqCZZFw46z626lVj9j1yEPW33H5H+lBQpZMP1k8l+78Ha0A==",
      "requires": {
        "fill-range": "^7.0.1"
      }
    },
    "chinese-parseint2": {
      "version": "2.0.6",
      "resolved": "https://registry.npmjs.org/chinese-parseint2/-/chinese-parseint2-2.0.6.tgz",
      "integrity": "sha512-OZNUZHJ29I4HLj1sz2m41vO2gk1xxZridWc3YW2FB6y7Mda6Si3fpPzcAFA5vst0ZQBDbBxIJxioK/FV7zrp/A=="
    },
    "cjk-conv": {
      "version": "1.2.143",
      "resolved": "https://registry.npmjs.org/cjk-conv/-/cjk-conv-1.2.143.tgz",
      "integrity": "sha512-6t2yH0AzthiKniIjMW2VVuld7APYiGfyMnkWDPacSwzR1t7EWKNpnqwrOQz4iGp90++O10DKL8pULcn1trqlcg==",
      "requires": {
        "@lazy-cjk/jp-table-alias": "^1.0.41",
        "@lazy-cjk/jp-table-comparison": "^1.0.29",
        "@lazy-cjk/jp-table-convert": "^1.0.46",
        "@lazy-cjk/jp-table-voice": "^1.0.37",
        "@lazy-cjk/novel-filename": "^1.0.50",
        "@lazy-cjk/util": "^1.0.18",
        "@lazy-cjk/zh-convert": "^1.0.48",
        "@lazy-cjk/zh-convert-table": "^1.0.23",
        "@lazy-cjk/zh-slugify": "^1.0.86",
        "@lazy-cjk/zh-table-alias": "^1.0.62",
        "@lazy-cjk/zh-table-greedy": "^1.0.90",
        "@lazy-cjk/zh-table-list": "^1.0.84",
        "tslib": ">=2",
        "uni-string": "^2.0.2"
      }
    },
    "class-proxy": {
      "version": "2.0.0",
      "resolved": "https://registry.npmjs.org/class-proxy/-/class-proxy-2.0.0.tgz",
      "integrity": "sha512-BDQfDF/EThTivmMgaEpiwToj20nDzpXoverANmY7aJyTe2z4ss8ZRlFnWFkJqcMli9HvNDzO1+getFeoED/xZg=="
    },
    "core-decorators": {
      "version": "0.20.0",
      "resolved": "https://registry.npmjs.org/core-decorators/-/core-decorators-0.20.0.tgz",
      "integrity": "sha512-7cp/Pz3AmQXjRwhAsFN+8ndRiBNyLxtZgC/fhKvrwQTf2ZlZma6LnimoJPrOqgxZ0tIeI9VvSs+QKe0OPJ0SuA=="
    },
    "crlf-normalize": {
      "version": "1.0.19",
      "resolved": "https://registry.npmjs.org/crlf-normalize/-/crlf-normalize-1.0.19.tgz",
      "integrity": "sha512-cpV1h7YwFtIA36NHtyWuMMMPGxUp6zrzxjRnFEDLh1ZH0SPNUqCWmM8RlKVycxvKHgZOxWXs3XxX/DAlBAjFzA==",
      "requires": {
        "ts-type": ">=2"
      }
    },
    "deep-eql": {
      "version": "4.0.0",
      "resolved": "https://registry.npmjs.org/deep-eql/-/deep-eql-4.0.0.tgz",
      "integrity": "sha512-GxJC5MOg2KyQlv6WiUF/VAnMj4MWnYiXo4oLgeptOELVoknyErb4Z8+5F/IM/K4g9/80YzzatxmWcyRwUseH0A==",
      "requires": {
        "type-detect": "^4.0.0"
      }
    },
    "deepmerge": {
      "version": "4.3.1",
      "resolved": "https://registry.npmjs.org/deepmerge/-/deepmerge-4.3.1.tgz",
      "integrity": "sha512-3sUqbMEc77XqpdNO7FRyRog+eW3ph+GYCbj+rK+uYyRMuwsVy0rMiVtPn+QJlKFvWP/1PYpapqYn0Me2knFn+A=="
    },
    "deepmerge-plus": {
      "version": "2.1.3",
      "resolved": "https://registry.npmjs.org/deepmerge-plus/-/deepmerge-plus-2.1.3.tgz",
      "integrity": "sha512-nmRWdc9y7aqrhnZ1bWA+LOQuMV9WY6roWrZ7HN86l+JQ4HYRKXSQwOTNHseU88Py/knsov4j5Qh5RuFqCsNN8g==",
      "requires": {
        "is-mergeable-object": "1.1.0"
      }
    },
    "emoji-regex": {
      "version": "10.2.1",
      "resolved": "https://registry.npmjs.org/emoji-regex/-/emoji-regex-10.2.1.tgz",
      "integrity": "sha512-97g6QgOk8zlDRdgq1WxwgTMgEWGVAQvB5Fdpgc1MkNy56la5SKP9GsMXKDOdqwn90/41a8yPwIGk1Y6WVbeMQA=="
    },
    "es6-class-prototype": {
      "version": "2.0.0",
      "resolved": "https://registry.npmjs.org/es6-class-prototype/-/es6-class-prototype-2.0.0.tgz",
      "integrity": "sha512-nn4YicqIBGRYIf8n/k45/iMfEZY8VVEW3jSeKWE9UTojR2evH1nl5fsJ9Cu7ZYZGUWaqZbXDyXMHk+e8ekw7Aw==",
      "requires": {
        "class-proxy": "^2.0.0"
      }
    },
    "esbuild": {
      "version": "0.14.0",
      "resolved": "https://registry.npmjs.org/esbuild/-/esbuild-0.14.0.tgz",
      "integrity": "sha512-UOnSKRAyZondxdLrOXnI/mesUmU/GvDTcajCvxoIaObzMeQcn0HyoGtvbfATnazlx799ZqFSyIZGLXFszkjy3A==",
      "dev": true,
      "requires": {
        "esbuild-android-arm64": "0.14.0",
        "esbuild-darwin-64": "0.14.0",
        "esbuild-darwin-arm64": "0.14.0",
        "esbuild-freebsd-64": "0.14.0",
        "esbuild-freebsd-arm64": "0.14.0",
        "esbuild-linux-32": "0.14.0",
        "esbuild-linux-64": "0.14.0",
        "esbuild-linux-arm": "0.14.0",
        "esbuild-linux-arm64": "0.14.0",
        "esbuild-linux-mips64le": "0.14.0",
        "esbuild-linux-ppc64le": "0.14.0",
        "esbuild-netbsd-64": "0.14.0",
        "esbuild-openbsd-64": "0.14.0",
        "esbuild-sunos-64": "0.14.0",
        "esbuild-windows-32": "0.14.0",
        "esbuild-windows-64": "0.14.0",
        "esbuild-windows-arm64": "0.14.0"
      }
    },
    "esbuild-android-arm64": {
      "version": "0.14.0",
      "resolved": "https://registry.npmjs.org/esbuild-android-arm64/-/esbuild-android-arm64-0.14.0.tgz",
      "integrity": "sha512-X7BjFiRRNfxPNg1aT5zw4xK1vbvX2IvDPcEp4bv0CEXgR39UzuOMUsQoG92aZgj8JGs8jxQAZc8k9dVJ1WL2BA==",
      "dev": true,
      "optional": true
    },
    "esbuild-darwin-64": {
      "version": "0.14.0",
      "resolved": "https://registry.npmjs.org/esbuild-darwin-64/-/esbuild-darwin-64-0.14.0.tgz",
      "integrity": "sha512-43vtt407jMp1kEXiaY0dEIGjOREax9F1+qMI0+F9tJyr06EHAofnbLL6cTmLgdPy/pMhltSvOJ8EddJrrOBgpQ==",
      "dev": true,
      "optional": true
    },
    "esbuild-darwin-arm64": {
      "version": "0.14.0",
      "resolved": "https://registry.npmjs.org/esbuild-darwin-arm64/-/esbuild-darwin-arm64-0.14.0.tgz",
      "integrity": "sha512-hMbT5YiBrFL763mnwR9BqNtq9XtJgJRxYs7Ad++KUd+ZhMoVE0Rs/YLe1oor9uBGhHLqQsZuJ2dUHjCsfT/iDg==",
      "dev": true,
      "optional": true
    },
    "esbuild-freebsd-64": {
      "version": "0.14.0",
      "resolved": "https://registry.npmjs.org/esbuild-freebsd-64/-/esbuild-freebsd-64-0.14.0.tgz",
      "integrity": "sha512-mx68HRYIZo6ZiHbWk5Md+mDJoDw779yWkJQAaBnXwOkGbDeA3JmPZjp6IPfy2P+n3emK9z6g4pKiebp1tQGVoQ==",
      "dev": true,
      "optional": true
    },
    "esbuild-freebsd-arm64": {
      "version": "0.14.0",
      "resolved": "https://registry.npmjs.org/esbuild-freebsd-arm64/-/esbuild-freebsd-arm64-0.14.0.tgz",
      "integrity": "sha512-iM8u+zTagh0WGn2FTTxi7DII/ycVzYyuf2Df6eP2ZX+vlx2FjaduhagRkpyhjfmEyhfJOrYSAR5R1biNPcA+VA==",
      "dev": true,
      "optional": true
    },
    "esbuild-linux-32": {
      "version": "0.14.0",
      "resolved": "https://registry.npmjs.org/esbuild-linux-32/-/esbuild-linux-32-0.14.0.tgz",
      "integrity": "sha512-dWHotI2qlXWZyza7n85UubBj0asjpM7FTtQYDaRQKxoCJpCnSzq3aD55IJthiggZHXj2tAML9Bc5xjVLsBJR0w==",
      "dev": true,
      "optional": true
    },
    "esbuild-linux-64": {
      "version": "0.14.0",
      "resolved": "https://registry.npmjs.org/esbuild-linux-64/-/esbuild-linux-64-0.14.0.tgz",
      "integrity": "sha512-7buo31kp1/yKWPm9vU44FEUwkeIROrIgnCDV9KLMLSbOjGEHBZXYJ2L0p4ZnB7Z+m5YiW7F/AfJu0/1E87nOeQ==",
      "dev": true,
      "optional": true
    },
    "esbuild-linux-arm": {
      "version": "0.14.0",
      "resolved": "https://registry.npmjs.org/esbuild-linux-arm/-/esbuild-linux-arm-0.14.0.tgz",
      "integrity": "sha512-fgybXQwPRT4Io01+aD+yphcLOLRVGqbSdhvaDK3qBwqUvspFsq4QkI7PeeYpuQdBZWiRKLoi9v5r90l7JO/s+g==",
      "dev": true,
      "optional": true
    },
    "esbuild-linux-arm64": {
      "version": "0.14.0",
      "resolved": "https://registry.npmjs.org/esbuild-linux-arm64/-/esbuild-linux-arm64-0.14.0.tgz",
      "integrity": "sha512-9LBtCH2RkhDBwoAYksTtXljN6hlxxoL6a3ymNfXJG9JxFUQddOfhajXZdObFn/hgGkAFwx8dXqw+FnPm0FCzSg==",
      "dev": true,
      "optional": true
    },
    "esbuild-linux-mips64le": {
      "version": "0.14.0",
      "resolved": "https://registry.npmjs.org/esbuild-linux-mips64le/-/esbuild-linux-mips64le-0.14.0.tgz",
      "integrity": "sha512-Xz7soOqWeCWcLp15biPM08To+s0k1E/2q0pQZNQ+SY9S5H2vU4ujDXqKjxFc24G9CrOeUNEOXTkh+JldBGbTCA==",
      "dev": true,
      "optional": true
    },
    "esbuild-linux-ppc64le": {
      "version": "0.14.0",
      "resolved": "https://registry.npmjs.org/esbuild-linux-ppc64le/-/esbuild-linux-ppc64le-0.14.0.tgz",
      "integrity": "sha512-fuBXTyUaZKxpmp43Nf0M1uI1OmZv/COcME9PG7NQ/EniwC680Xj5xQFhEBDVnvQQ+6xOnXdfPSojJq7gQxrORQ==",
      "dev": true,
      "optional": true
    },
    "esbuild-netbsd-64": {
      "version": "0.14.0",
      "resolved": "https://registry.npmjs.org/esbuild-netbsd-64/-/esbuild-netbsd-64-0.14.0.tgz",
      "integrity": "sha512-pQaECTKr/iCXtn1qjwih+cvoZzbZ+P3NwLQo4uo/IesklbPTR5eF4d85L1vPFVgff+itBMxbbB7aoRznSglN3A==",
      "dev": true,
      "optional": true
    },
    "esbuild-openbsd-64": {
      "version": "0.14.0",
      "resolved": "https://registry.npmjs.org/esbuild-openbsd-64/-/esbuild-openbsd-64-0.14.0.tgz",
      "integrity": "sha512-HiaqQX9HMb9u3eYvKZ86+m/paQwASJSIjXiRTFpFusypjtU2NJqWb/LiRvhfmwC6rb7YHwCSPx+juSM7M+20bA==",
      "dev": true,
      "optional": true
    },
    "esbuild-sunos-64": {
      "version": "0.14.0",
      "resolved": "https://registry.npmjs.org/esbuild-sunos-64/-/esbuild-sunos-64-0.14.0.tgz",
      "integrity": "sha512-TkMQOSiSU3fHLV3M+OKUgLZt5L7TpcBcMRvtFw1cTxAnX8eT+1qkWVLiDM8ow1C3P7PW3bkGY3LW8vOs8o/jBA==",
      "dev": true,
      "optional": true
    },
    "esbuild-windows-32": {
      "version": "0.14.0",
      "resolved": "https://registry.npmjs.org/esbuild-windows-32/-/esbuild-windows-32-0.14.0.tgz",
      "integrity": "sha512-0h7E50JHgyLd7TkqSIH0VzBhngWspxPHuq/crDAMnh4s4tW8zWCMLIz2c1HVwHfZsh7d5+C4/yBaQeJTHXGvIA==",
      "dev": true,
      "optional": true
    },
    "esbuild-windows-64": {
      "version": "0.14.0",
      "resolved": "https://registry.npmjs.org/esbuild-windows-64/-/esbuild-windows-64-0.14.0.tgz",
      "integrity": "sha512-RxnovPOoQS5Id4mbdIUm96L0GIg+ZME4FthbErw1kZZabLi9eLp1gR3vSwkZXKbK8Z76uDkSW0EN74i1XWVpiQ==",
      "dev": true,
      "optional": true
    },
    "esbuild-windows-arm64": {
      "version": "0.14.0",
      "resolved": "https://registry.npmjs.org/esbuild-windows-arm64/-/esbuild-windows-arm64-0.14.0.tgz",
      "integrity": "sha512-66KsVlT6lGDWgDKQsAlojxgUhZkkjVeosMVRdb913OwtcOjszceg6zFD748jzp9CUgAseHCNJqFmYOyBzneSEQ==",
      "dev": true,
      "optional": true
    },
    "fast-glob": {
      "version": "3.3.1",
      "resolved": "https://registry.npmjs.org/fast-glob/-/fast-glob-3.3.1.tgz",
      "integrity": "sha512-kNFPyjhh5cKjrUltxs+wFx+ZkbRaxxmZ+X0ZU31SOsxCEtP9VPgtq2teZw1DebupL5GmDaNQ6yKMMVcM41iqDg==",
      "requires": {
        "@nodelib/fs.stat": "^2.0.2",
        "@nodelib/fs.walk": "^1.2.3",
        "glob-parent": "^5.1.2",
        "merge2": "^1.3.0",
        "micromatch": "^4.0.4"
      }
    },
    "fastq": {
      "version": "1.15.0",
      "resolved": "https://registry.npmjs.org/fastq/-/fastq-1.15.0.tgz",
      "integrity": "sha512-wBrocU2LCXXa+lWBt8RoIRD89Fi8OdABODa/kEnyeyjS5aZO5/GNvI5sEINADqP/h8M29UHTHUb53sUu5Ihqdw==",
      "requires": {
        "reusify": "^1.0.4"
      }
    },
    "fill-range": {
      "version": "7.0.1",
      "resolved": "https://registry.npmjs.org/fill-range/-/fill-range-7.0.1.tgz",
      "integrity": "sha512-qOo9F+dMUmC2Lcb4BbVvnKJxTPjCm+RRpe4gDuGrzkL7mEVl/djYSu2OdQ2Pa302N4oqkSg9ir6jaLWJ2USVpQ==",
      "requires": {
        "to-regex-range": "^5.0.1"
      }
    },
    "glob-parent": {
      "version": "5.1.2",
      "resolved": "https://registry.npmjs.org/glob-parent/-/glob-parent-5.1.2.tgz",
      "integrity": "sha512-AOIgSQCepiJYwP3ARnGx+5VnTu2HBYdzbGP45eLw1vr3zB3vZLeyed1sC9hnbcOc9/SrMyM5RPQrkGz4aS9Zow==",
      "requires": {
        "is-glob": "^4.0.1"
      }
    },
    "is-extglob": {
      "version": "2.1.1",
      "resolved": "https://registry.npmjs.org/is-extglob/-/is-extglob-2.1.1.tgz",
      "integrity": "sha512-SbKbANkN603Vi4jEZv49LeVJMn4yGwsbzZworEoyEiutsN3nJYdbO36zfhGJ6QEDpOZIFkDtnq5JRxmvl3jsoQ=="
    },
    "is-fullwidth-code-point": {
      "version": "3.0.0",
      "resolved": "https://registry.npmjs.org/is-fullwidth-code-point/-/is-fullwidth-code-point-3.0.0.tgz",
      "integrity": "sha512-zymm5+u+sCsSWyD9qNaejV3DFvhCKclKdizYaJUuHA83RLjb7nSuGnddCHGv0hk+KY7BMAlsWeK4Ueg6EV6XQg=="
    },
    "is-glob": {
      "version": "4.0.3",
      "resolved": "https://registry.npmjs.org/is-glob/-/is-glob-4.0.3.tgz",
      "integrity": "sha512-xelSayHH36ZgE7ZWhli7pW34hNbNl8Ojv5KVmkJD4hBdD3th8Tfk9vYasLM+mXWOZhFkgZfxhLSnrwRr4elSSg==",
      "requires": {
        "is-extglob": "^2.1.1"
      }
    },
    "is-mergeable-object": {
      "version": "1.1.0",
      "resolved": "https://registry.npmjs.org/is-mergeable-object/-/is-mergeable-object-1.1.0.tgz",
      "integrity": "sha512-JfyDDwUdtS4yHCgUpxOyKB9dnfZ0gecufxB0eytX6BmSXSE+8dbxDGt+V7CNRIRJ9sYFV/WQt2KJG6hNob2sBw=="
    },
    "is-number": {
      "version": "7.0.0",
      "resolved": "https://registry.npmjs.org/is-number/-/is-number-7.0.0.tgz",
      "integrity": "sha512-41Cifkg6e8TylSpdtTpeLVMqvSBEVzTttHvERD741+pnZ8ANv0004MRL43QKPDlK9cGvNp6NZWZUBlbGXYxxng=="
    },
    "lodash": {
      "version": "4.17.21",
      "resolved": "https://registry.npmjs.org/lodash/-/lodash-4.17.21.tgz",
      "integrity": "sha512-v2kDEe57lecTulaDIuNTPy3Ry4gLGJ6Z1O3vE1krgXZNrsQ+LFTGHVxVjcXPs17LhbZVGedAJv8XZ1tvj5FvSg=="
    },
    "merge2": {
      "version": "1.4.1",
      "resolved": "https://registry.npmjs.org/merge2/-/merge2-1.4.1.tgz",
      "integrity": "sha512-8q7VEgMJW4J8tcfVPy8g09NcQwZdbwFEqhe/WZkoIzjn/3TGDwtOCYtXGxA3O8tPzpczCCDgv+P2P5y00ZJOOg=="
    },
    "micromatch": {
      "version": "4.0.5",
      "resolved": "https://registry.npmjs.org/micromatch/-/micromatch-4.0.5.tgz",
      "integrity": "sha512-DMy+ERcEW2q8Z2Po+WNXuw3c5YaUSFjAO5GsJqfEl7UjvtIuFKO6ZrKvcItdy98dwFI2N1tg3zNIdKaQT+aNdA==",
      "requires": {
        "braces": "^3.0.2",
        "picomatch": "^2.3.1"
      }
    },
    "novel-segment": {
      "version": "2.7.113",
      "resolved": "https://registry.npmjs.org/novel-segment/-/novel-segment-2.7.113.tgz",
      "integrity": "sha512-HIujKsbsp79fTDsSAlLDSxtPl8hwH+YcmEN4K84FS5ojbN7EMfs1xBvuLNO528hV389GyOok5i6+89K22WG4LQ==",
      "requires": {
        "@bluelovers/fast-glob": "^3.0.4",
        "@lazy-cjk/zh-table-list": "^1.0.84",
        "@novel-segment/postag": "^1.0.28",
        "@novel-segment/stringify": "^1.0.16",
        "@novel-segment/table-blacklist": "^1.0.15",
        "@novel-segment/table-core-abstract": "^1.0.18",
        "@novel-segment/table-dict": "^1.0.18",
        "@novel-segment/table-stopword": "^1.0.15",
        "@novel-segment/table-synonym": "^1.0.15",
        "@novel-segment/types": "^1.0.13",
        "array-hyper-unique": "^2.1.4",
        "bluebird": "^3.7.2",
        "cjk-conv": "^1.2.143",
        "core-decorators": "^0.20.0",
        "crlf-normalize": "^1.0.19",
        "deepmerge-plus": "^2.1.3",
        "regexp-cjk": "^3.3.110",
        "segment-dict": "^2.3.199",
        "sort-object-keys2": "^3.0.5",
        "str-util": "^2.3.39",
        "ts-enum-util": "4.0.2",
        "ts-type": "^3.0.1",
        "tslib": ">=2",
        "uni-string": "^2.0.5"
      }
    },
    "picomatch": {
      "version": "2.3.1",
      "resolved": "https://registry.npmjs.org/picomatch/-/picomatch-2.3.1.tgz",
      "integrity": "sha512-JU3teHTNjmE2VCGFzuY8EXzCDVwEqB2a8fsIvwaStHhAWJEeVd1o1QD80CU6+ZdEXXSLbSsuLwJjkCBWqRQUVA=="
    },
    "queue-microtask": {
      "version": "1.2.3",
      "resolved": "https://registry.npmjs.org/queue-microtask/-/queue-microtask-1.2.3.tgz",
      "integrity": "sha512-NuaNSa6flKT5JaSYQzJok04JzTL1CA6aGhv5rfLW3PgqA+M2ChpZQnAC8h8i4ZFkBS8X5RqkDBHA7r4hej3K9A=="
    },
    "regexp-cjk": {
      "version": "3.3.110",
      "resolved": "https://registry.npmjs.org/regexp-cjk/-/regexp-cjk-3.3.110.tgz",
      "integrity": "sha512-j8xVAGrxtah6YsFOaNqg9E+XhBwblzuvqDLdIHx2j5+cwJwhWAT06sd+zt4Eht3bmrGkJskffSUtEgnXPn8lnQ==",
      "requires": {
        "@lazy-cjk/zh-table-list": "^1.0.84",
        "array-hyper-unique": "^2.1.4",
        "lodash": "^4.17.21",
        "regexp-helper": "^1.0.37",
        "regexp-parser-event": "^1.1.43",
        "regexp-parser-literal": "^1.1.36",
        "regexp-range": "^2.0.3",
        "tslib": ">=2"
      }
    },
    "regexp-helper": {
      "version": "1.0.37",
      "resolved": "https://registry.npmjs.org/regexp-helper/-/regexp-helper-1.0.37.tgz",
      "integrity": "sha512-ljaT9d0l9tbvAnfQad9LajUOBYOJv6dG4ERN523rzoHHtqYsTDKpUX5TrMzzR4VYB/hUKO9nrF8x8EtOyJssoA==",
      "requires": {
        "regexp-helper-core": "^2.0.7",
        "regexp-support": "^1.0.52",
        "tslib": ">=2"
      }
    },
    "regexp-helper-core": {
      "version": "2.0.7",
      "resolved": "https://registry.npmjs.org/regexp-helper-core/-/regexp-helper-core-2.0.7.tgz",
      "integrity": "sha512-Os9hhbLSriww8+83t5JQ/ZD2kSTXliPQ0OZ5zY4OYIrNiGI9gl2mBfGW7yoLdhFobN8V8UqI4GgM5LgpaiRNjQ=="
    },
    "regexp-parser-event": {
      "version": "1.1.43",
      "resolved": "https://registry.npmjs.org/regexp-parser-event/-/regexp-parser-event-1.1.43.tgz",
      "integrity": "sha512-yGNjt4JLfhjjW4ApnPMgCSzfWjPEFORm9m8ePjMg1LaxU194e3Jd698wqE6xgIo7A/HrrlBIELJaYK0tNugxQg==",
      "requires": {
        "array-hyper-unique": "^2.1.4",
        "regexp-parser-literal": "^1.1.36",
        "regexpp2": "^1.3.32",
        "ts-type": ">=2",
        "tslib": ">=2"
      }
    },
    "regexp-parser-literal": {
      "version": "1.1.36",
      "resolved": "https://registry.npmjs.org/regexp-parser-literal/-/regexp-parser-literal-1.1.36.tgz",
      "integrity": "sha512-voha1jKjL9fpoX+YT/5SSTT5MqZR+X909WTA5umRdBLO1ifU2K0uJYA1EcWAh4PL2wMDH8b8Fv2Iq/Znh/eVtw==",
      "requires": {
        "array-hyper-unique": "^2.1.4",
        "emoji-regex": "^10.2.1",
        "regexpp2": "^1.3.32",
        "tslib": ">=2",
        "uni-string": "^2.0.2"
      }
    },
    "regexp-range": {
      "version": "2.0.3",
      "resolved": "https://registry.npmjs.org/regexp-range/-/regexp-range-2.0.3.tgz",
      "integrity": "sha512-DdhZLQrwdEvOUSrJ6dttQYkZUr3ePn/AVacMgGpe9vRUDwGokgd5PtjryzY+DetZmo488JnEZQRWJDgKObKwMg==",
      "requires": {
        "@bluelovers/fill-range": "^7.0.2",
        "@lazy-cjk/regexp-range-table": "^1.0.4",
        "array-hyper-unique": "^2.1.4"
      }
    },
    "regexp-support": {
      "version": "1.0.52",
      "resolved": "https://registry.npmjs.org/regexp-support/-/regexp-support-1.0.52.tgz",
      "integrity": "sha512-xrQ04NSjNZuUycj60MavZm3johOZSpob/lOKdu2lPPM/NPXeGxqN70bl8VmlkL16Bltf760ACPGBxbpD0SE+2g==",
      "requires": {
        "sort-object-keys2": "^3.0.4",
        "tslib": ">=2"
      }
    },
    "regexpp2": {
      "version": "1.3.32",
      "resolved": "https://registry.npmjs.org/regexpp2/-/regexpp2-1.3.32.tgz",
      "integrity": "sha512-vVwdpd23k3459hqLaEB2JeKhGM7fuuqVhWzT9ltdEXLC00yf7jcWltJxl0nM0tj2pLre90kXzJT6NvWdbc/6AA==",
      "requires": {
        "tslib": ">=2"
      }
    },
    "reusify": {
      "version": "1.0.4",
      "resolved": "https://registry.npmjs.org/reusify/-/reusify-1.0.4.tgz",
      "integrity": "sha512-U9nH88a3fc/ekCF1l0/UP1IosiuIjyTh7hBvXVMHYgVcfGvt897Xguj2UOLDeI5BG2m7/uwyaLVT6fbtCwTyzw=="
    },
    "run-parallel": {
      "version": "1.2.0",
      "resolved": "https://registry.npmjs.org/run-parallel/-/run-parallel-1.2.0.tgz",
      "integrity": "sha512-5l4VyZR86LZ/lDxZTR6jqL8AFE2S0IFLMP26AbjsLVADxHdhB/c0GUsH+y39UfCi3dzz8OlQuPmnaJOMoDHQBA==",
      "requires": {
        "queue-microtask": "^1.2.2"
      }
    },
    "runes2": {
      "version": "1.1.2",
      "resolved": "https://registry.npmjs.org/runes2/-/runes2-1.1.2.tgz",
      "integrity": "sha512-v6XIdRpUKdFLNhgF2AC9XvntZsDzxyTpVlpQ8HD592XD6vHiW8jEcHFnTV5ztUjWJC5cGOcdi9YKIwxWVh0f9w=="
    },
    "segment-dict": {
      "version": "2.3.199",
      "resolved": "https://registry.npmjs.org/segment-dict/-/segment-dict-2.3.199.tgz",
      "integrity": "sha512-IbkrJU4e7yAYmjs3MvBeYgMb/tbI6jHOdPhJBjwZZpSvv0ceJhpr6mkgqQ8rxisq1w2c/pDYPaEa8PpYl4K4Hw==",
      "requires": {
        "@bluelovers/fast-glob": "^3.0.4",
        "@novel-segment/dict-loader-core": "^1.0.30",
        "@novel-segment/loader-stopword": "^1.0.30",
        "@novel-segment/loaders": "^1.0.49",
        "@novel-segment/stream-loader-core": "^1.0.26",
        "@novel-segment/util": "^1.0.75",
        "bluebird": "^3.7.2",
        "core-decorators": "^0.20.0",
        "crlf-normalize": "^1.0.19",
        "tslib": ">=2"
      }
    },
    "sort-object-keys2": {
      "version": "3.0.5",
      "resolved": "https://registry.npmjs.org/sort-object-keys2/-/sort-object-keys2-3.0.5.tgz",
      "integrity": "sha512-Q5fNSFbM4xXeTp1OtH62o67j+gzr2jPhZE0ES9bspDS26ScYfc2z5fL2vyRfVs947pkXCTS95Z/73lcbXuSJfg==",
      "requires": {
        "@lazy-array/util-unique": "^1.0.4"
      }
    },
    "split2": {
      "version": "4.2.0",
      "resolved": "https://registry.npmjs.org/split2/-/split2-4.2.0.tgz",
      "integrity": "sha512-UcjcJOWknrNkF6PLX83qcHM6KHgVKNkV62Y8a5uYDVv9ydGQVwAHMKqHdJje1VTWpljG0WYpCDhrCdAOYH4TWg=="
    },
    "str-util": {
      "version": "2.3.40",
      "resolved": "https://registry.npmjs.org/str-util/-/str-util-2.3.40.tgz",
      "integrity": "sha512-wbrS5y0PAh+HtO7/3AESP6wfszS1QcBymTqjg1NwnA8W5NbqznwAt7l7rmpBHOupiVHmT8XWtR7skU3Qeqk3aQ==",
      "requires": {
        "@lazy-cjk/japanese": "^1.2.33",
        "chinese-parseint2": "^2.0.6",
        "cjk-conv": ">=1",
        "deepmerge": "^4.3.1",
        "is-fullwidth-code-point": "<4 >=3",
        "strip-ansi": "<7 >=6",
        "tslib": "^2",
        "uni-string": "^2.0.5"
      }
    },
    "stream-pipe": {
      "version": "1.0.4",
      "resolved": "https://registry.npmjs.org/stream-pipe/-/stream-pipe-1.0.4.tgz",
      "integrity": "sha512-B60m1SSbH4yc7CTRj46hIu7/iDboTdurqEpXgzMxZMClTl2VCegn1lMr7OK0MTnRR3ziFpr7z5t15xUP31cqlw==",
      "requires": {
        "tslib": "^2.3.0"
      }
    },
    "string-natural-compare2": {
      "version": "3.0.1",
      "resolved": "https://registry.npmjs.org/string-natural-compare2/-/string-natural-compare2-3.0.1.tgz",
      "integrity": "sha512-2g5OCprlirAeevzB1hmxas7fFhXQpAH12uJrU7/+DSSk+KRw6hO9h+XW5CwFjnzxa0FRNYvrGtb0WvXDjEME5g=="
    },
    "strip-ansi": {
      "version": "6.0.1",
      "resolved": "https://registry.npmjs.org/strip-ansi/-/strip-ansi-6.0.1.tgz",
      "integrity": "sha512-Y38VPSHcqkFrCpFnQ9vuSXmquuv5oXOKpGeT6aGrr3o3Gc9AlVa6JBfUSOCnbxGGZF+/0ooI7KrPuUSztUdU5A==",
      "requires": {
        "ansi-regex": "^5.0.1"
      }
    },
    "to-regex-range": {
      "version": "5.0.1",
      "resolved": "https://registry.npmjs.org/to-regex-range/-/to-regex-range-5.0.1.tgz",
      "integrity": "sha512-65P7iz6X5yEr1cwcgvQxbbIw7Uk3gOy5dIdtZ4rDveLqhrdJP+Li/Hx6tyK0NEb+2GCyneCMJiGqrADCSNk8sQ==",
      "requires": {
        "is-number": "^7.0.0"
      }
    },
    "ts-enum-util": {
      "version": "4.0.2",
      "resolved": "https://registry.npmjs.org/ts-enum-util/-/ts-enum-util-4.0.2.tgz",
      "integrity": "sha512-BB5qjvHYgYgOB/CaoA1Cy/B2QNnZ+nVBrJ15VV/AXGWx+AO83k5wgeLOJvkSLoKKavvH/M8Wj4ZbgROjsuYwzw=="
    },
    "ts-type": {
      "version": "3.0.1",
      "resolved": "https://registry.npmjs.org/ts-type/-/ts-type-3.0.1.tgz",
      "integrity": "sha512-cleRydCkBGBFQ4KAvLH0ARIkciduS745prkGVVxPGvcRGhMMoSJUB7gNR1ByKhFTEYrYRg2CsMRGYnqp+6op+g==",
      "requires": {
        "@types/node": "*",
        "tslib": ">=2",
        "typedarray-dts": "^1.0.0"
      }
    },
    "tslib": {
      "version": "2.6.2",
      "resolved": "https://registry.npmjs.org/tslib/-/tslib-2.6.2.tgz",
      "integrity": "sha512-AEYxH93jGFPn/a2iVAwW87VuUIkR1FVUKB77NwMF7nBTDkDrrT/Hpt/IrCJ0QXhW27jTBDcf5ZY7w6RiqTMw2Q=="
    },
    "type-detect": {
      "version": "4.0.8",
      "resolved": "https://registry.npmjs.org/type-detect/-/type-detect-4.0.8.tgz",
      "integrity": "sha512-0fr/mIH1dlO+x7TlcMy+bIDqKPsw/70tVyeHW787goQjhmqaZe10uwLujubK9q9Lg6Fiho1KUKDYz0Z7k7g5/g=="
    },
    "typedarray-dts": {
      "version": "1.0.0",
      "resolved": "https://registry.npmjs.org/typedarray-dts/-/typedarray-dts-1.0.0.tgz",
      "integrity": "sha512-Ka0DBegjuV9IPYFT1h0Qqk5U4pccebNIJCGl8C5uU7xtOs+jpJvKGAY4fHGK25hTmXZOEUl9Cnsg5cS6K/b5DA=="
    },
    "typescript": {
      "version": "4.5.2",
      "resolved": "https://registry.npmjs.org/typescript/-/typescript-4.5.2.tgz",
      "integrity": "sha512-5BlMof9H1yGt0P8/WF+wPNw6GfctgGjXp5hkblpyT+8rkASSmkUKMXrxR0Xg8ThVCi/JnHQiKXeBaEwCeQwMFw==",
      "dev": true
    },
    "uni-string": {
      "version": "2.0.5",
      "resolved": "https://registry.npmjs.org/uni-string/-/uni-string-2.0.5.tgz",
      "integrity": "sha512-P2trBOQaqy9hiBtfkpn0MxripLhQqGua1Qy9cshYlVRIChUP6SmFhILWAsRWPhsWhGAWC8ymVYXr+vOKkyWALg==",
      "requires": {
        "es6-class-prototype": "^2.0.0",
        "runes2": "^1.1.2"
      }
    }
  }
}
